// !$*UTF8*$!
{
	archiveVersion = 1;
	classes = {
	};
	objectVersion = 45;
	objects = {

/* Begin PBXBuildFile section */
		1DDD58160DA1D0A300B32029 /* MainMenu.xib in Resources */ = {isa = PBXBuildFile; fileRef = 1DDD58140DA1D0A300B32029 /* MainMenu.xib */; };
		8D11072B0486CEB800E47090 /* InfoPlist.strings in Resources */ = {isa = PBXBuildFile; fileRef = 089C165CFE840E0CC02AAC07 /* InfoPlist.strings */; };
		8D11072D0486CEB800E47090 /* main.m in Sources */ = {isa = PBXBuildFile; fileRef = 29B97316FDCFA39411CA2CEA /* main.m */; settings = {ATTRIBUTES = (); }; };
		8D11072F0486CEB800E47090 /* Cocoa.framework in Frameworks */ = {isa = PBXBuildFile; fileRef = 1058C7A1FEA54F0111CA2CBB /* Cocoa.framework */; };
		AE0E9C240EFA3B460024215E /* Schedule.m in Sources */ = {isa = PBXBuildFile; fileRef = AE0E9C230EFA3B460024215E /* Schedule.m */; };
		AE1BFB940F173B8A006ED3DF /* live.html in Resources */ = {isa = PBXBuildFile; fileRef = AE1BFB920F173B8A006ED3DF /* live.html */; };
		AE1BFB950F173B8A006ED3DF /* emp.html in Resources */ = {isa = PBXBuildFile; fileRef = AE1BFB930F173B8A006ED3DF /* emp.html */; };
		AE333BBB0EF798740077A647 /* WebKit.framework in Frameworks */ = {isa = PBXBuildFile; fileRef = AE333BBA0EF798740077A647 /* WebKit.framework */; };
		AE333BDC0EF79B4B0077A647 /* Stations.plist in Resources */ = {isa = PBXBuildFile; fileRef = AE333BDB0EF79B4B0077A647 /* Stations.plist */; };
		AE630BAC0F1CDC7200905968 /* radio_icon.icns in Resources */ = {isa = PBXBuildFile; fileRef = AE630BAB0F1CDC7200905968 /* radio_icon.icns */; };
		AE6966580EF6ABF200B029FE /* AppController.m in Sources */ = {isa = PBXBuildFile; fileRef = AE6966570EF6ABF200B029FE /* AppController.m */; };
		AE69665B0EF6AC0300B029FE /* MainWindowController.m in Sources */ = {isa = PBXBuildFile; fileRef = AE69665A0EF6AC0300B029FE /* MainWindowController.m */; };
		AE6966710EF6AD1800B029FE /* EmpViewController.m in Sources */ = {isa = PBXBuildFile; fileRef = AE6966700EF6AD1800B029FE /* EmpViewController.m */; };
		AE6966860EF6AE9700B029FE /* MainWindow.xib in Resources */ = {isa = PBXBuildFile; fileRef = AE6966850EF6AE9700B029FE /* MainWindow.xib */; };
		AE69668F0EF6AF3D00B029FE /* EmpView.xib in Resources */ = {isa = PBXBuildFile; fileRef = AE69668E0EF6AF3D00B029FE /* EmpView.xib */; };
		AE73A0030EF950EA00AB9578 /* Growl Registration Ticket.growlRegDict in Resources */ = {isa = PBXBuildFile; fileRef = AE73A0020EF950EA00AB9578 /* Growl Registration Ticket.growlRegDict */; };
		AE73A04C0EF957A200AB9578 /* Growl.framework in Frameworks */ = {isa = PBXBuildFile; fileRef = AE73A04B0EF957A200AB9578 /* Growl.framework */; };
		AE73A04F0EF957B200AB9578 /* Growl.framework in CopyFiles */ = {isa = PBXBuildFile; fileRef = AE73A04B0EF957A200AB9578 /* Growl.framework */; };
		AEA0B43D0EF7EFCE00137DAA /* Preferences.xib in Resources */ = {isa = PBXBuildFile; fileRef = AEA0B43C0EF7EFCE00137DAA /* Preferences.xib */; };
		AEA0B4410EF7F01600137DAA /* Sparkle.framework in Frameworks */ = {isa = PBXBuildFile; fileRef = AEA0B4400EF7F01600137DAA /* Sparkle.framework */; };
		AEA0B4520EF7F09400137DAA /* PreferencesWindowController.m in Sources */ = {isa = PBXBuildFile; fileRef = AEA0B4510EF7F09400137DAA /* PreferencesWindowController.m */; };
		AEA0B4880EF7F3C900137DAA /* dsa_pub.pem in Resources */ = {isa = PBXBuildFile; fileRef = AEA0B4870EF7F3C900137DAA /* dsa_pub.pem */; };
		AEA0B5530EF8055B00137DAA /* Preloader.m in Sources */ = {isa = PBXBuildFile; fileRef = AEA0B5520EF8055B00137DAA /* Preloader.m */; };
		AEB914C30EFBF7C90074754A /* Sparkle.framework in CopyFiles */ = {isa = PBXBuildFile; fileRef = AEA0B4400EF7F01600137DAA /* Sparkle.framework */; };
		AEC7925D0F1346B8000098B1 /* Service.m in Sources */ = {isa = PBXBuildFile; fileRef = AEC7925C0F1346B8000098B1 /* Service.m */; };
		AEC793EB0F13A2CB000098B1 /* Broadcast.m in Sources */ = {isa = PBXBuildFile; fileRef = AEC793EA0F13A2CB000098B1 /* Broadcast.m */; };
		AEDD16A10F0BEFF4009F81AD /* 1xtra.png in Resources */ = {isa = PBXBuildFile; fileRef = AEDD16960F0BEFF3009F81AD /* 1xtra.png */; };
		AEDD16A20F0BEFF4009F81AD /* 5livesportsextra.png in Resources */ = {isa = PBXBuildFile; fileRef = AEDD16970F0BEFF3009F81AD /* 5livesportsextra.png */; };
		AEDD16A30F0BEFF4009F81AD /* 6music.png in Resources */ = {isa = PBXBuildFile; fileRef = AEDD16980F0BEFF3009F81AD /* 6music.png */; };
		AEDD16A40F0BEFF4009F81AD /* asiannetwork.png in Resources */ = {isa = PBXBuildFile; fileRef = AEDD16990F0BEFF4009F81AD /* asiannetwork.png */; };
		AEDD16A50F0BEFF4009F81AD /* radio7.png in Resources */ = {isa = PBXBuildFile; fileRef = AEDD169A0F0BEFF4009F81AD /* radio7.png */; };
		AEDD16A60F0BEFF4009F81AD /* fivelive.png in Resources */ = {isa = PBXBuildFile; fileRef = AEDD169B0F0BEFF4009F81AD /* fivelive.png */; };
		AEDD16A70F0BEFF4009F81AD /* radio1.png in Resources */ = {isa = PBXBuildFile; fileRef = AEDD169C0F0BEFF4009F81AD /* radio1.png */; };
		AEDD16A80F0BEFF4009F81AD /* radio2.png in Resources */ = {isa = PBXBuildFile; fileRef = AEDD169D0F0BEFF4009F81AD /* radio2.png */; };
		AEDD16A90F0BEFF4009F81AD /* radio3.png in Resources */ = {isa = PBXBuildFile; fileRef = AEDD169E0F0BEFF4009F81AD /* radio3.png */; };
		AEDD16AA0F0BEFF4009F81AD /* radio4.png in Resources */ = {isa = PBXBuildFile; fileRef = AEDD169F0F0BEFF4009F81AD /* radio4.png */; };
		AEDD16AB0F0BEFF4009F81AD /* worldservice.png in Resources */ = {isa = PBXBuildFile; fileRef = AEDD16A00F0BEFF4009F81AD /* worldservice.png */; };
		AEED013C0F066FD40022205D /* NSString-Utilities.m in Sources */ = {isa = PBXBuildFile; fileRef = AEED013B0F066FD30022205D /* NSString-Utilities.m */; };
		AEF9A5700F438C7500E9D841 /* liveReal.html in Resources */ = {isa = PBXBuildFile; fileRef = AEF9A56F0F438C7500E9D841 /* liveReal.html */; };
/* End PBXBuildFile section */

/* Begin PBXCopyFilesBuildPhase section */
		AEA0B44F0EF7F03D00137DAA /* CopyFiles */ = {
			isa = PBXCopyFilesBuildPhase;
			buildActionMask = 2147483647;
			dstPath = "";
			dstSubfolderSpec = 10;
			files = (
				AE73A04F0EF957B200AB9578 /* Growl.framework in CopyFiles */,
			);
			runOnlyForDeploymentPostprocessing = 0;
		};
		AEB914C80EFBF7CE0074754A /* CopyFiles */ = {
			isa = PBXCopyFilesBuildPhase;
			buildActionMask = 2147483647;
			dstPath = "";
			dstSubfolderSpec = 10;
			files = (
				AEB914C30EFBF7C90074754A /* Sparkle.framework in CopyFiles */,
			);
			runOnlyForDeploymentPostprocessing = 0;
		};
/* End PBXCopyFilesBuildPhase section */

/* Begin PBXFileReference section */
		089C165DFE840E0CC02AAC07 /* English */ = {isa = PBXFileReference; fileEncoding = 10; lastKnownFileType = text.plist.strings; name = English; path = English.lproj/InfoPlist.strings; sourceTree = "<group>"; };
		1058C7A1FEA54F0111CA2CBB /* Cocoa.framework */ = {isa = PBXFileReference; lastKnownFileType = wrapper.framework; name = Cocoa.framework; path = /System/Library/Frameworks/Cocoa.framework; sourceTree = "<absolute>"; };
		1DDD58150DA1D0A300B32029 /* English */ = {isa = PBXFileReference; lastKnownFileType = file.xib; name = English; path = English.lproj/MainMenu.xib; sourceTree = "<group>"; };
		29B97316FDCFA39411CA2CEA /* main.m */ = {isa = PBXFileReference; fileEncoding = 4; lastKnownFileType = sourcecode.c.objc; path = main.m; sourceTree = "<group>"; };
		29B97324FDCFA39411CA2CEA /* AppKit.framework */ = {isa = PBXFileReference; lastKnownFileType = wrapper.framework; name = AppKit.framework; path = /System/Library/Frameworks/AppKit.framework; sourceTree = "<absolute>"; };
		29B97325FDCFA39411CA2CEA /* Foundation.framework */ = {isa = PBXFileReference; lastKnownFileType = wrapper.framework; name = Foundation.framework; path = /System/Library/Frameworks/Foundation.framework; sourceTree = "<absolute>"; };
		32CA4F630368D1EE00C91783 /* Radio_Prefix.pch */ = {isa = PBXFileReference; fileEncoding = 4; lastKnownFileType = sourcecode.c.h; path = Radio_Prefix.pch; sourceTree = "<group>"; };
		8D1107310486CEB800E47090 /* Info.plist */ = {isa = PBXFileReference; fileEncoding = 4; lastKnownFileType = text.plist.xml; path = Info.plist; sourceTree = "<group>"; };
		8D1107320486CEB800E47090 /* RadioAunty.app */ = {isa = PBXFileReference; explicitFileType = wrapper.application; includeInIndex = 0; path = RadioAunty.app; sourceTree = BUILT_PRODUCTS_DIR; };
		AE0E9C220EFA3B460024215E /* Schedule.h */ = {isa = PBXFileReference; fileEncoding = 4; lastKnownFileType = sourcecode.c.h; path = Schedule.h; sourceTree = "<group>"; };
		AE0E9C230EFA3B460024215E /* Schedule.m */ = {isa = PBXFileReference; fileEncoding = 4; lastKnownFileType = sourcecode.c.objc; path = Schedule.m; sourceTree = "<group>"; };
		AE1BFB920F173B8A006ED3DF /* live.html */ = {isa = PBXFileReference; fileEncoding = 4; lastKnownFileType = text.html; path = live.html; sourceTree = "<group>"; };
		AE1BFB930F173B8A006ED3DF /* emp.html */ = {isa = PBXFileReference; fileEncoding = 4; lastKnownFileType = text.html; path = emp.html; sourceTree = "<group>"; };
		AE333BBA0EF798740077A647 /* WebKit.framework */ = {isa = PBXFileReference; lastKnownFileType = wrapper.framework; name = WebKit.framework; path = /System/Library/Frameworks/WebKit.framework; sourceTree = "<absolute>"; };
		AE333BDB0EF79B4B0077A647 /* Stations.plist */ = {isa = PBXFileReference; fileEncoding = 4; lastKnownFileType = text.plist.xml; path = Stations.plist; sourceTree = "<group>"; };
		AE630BAB0F1CDC7200905968 /* radio_icon.icns */ = {isa = PBXFileReference; lastKnownFileType = image.icns; path = radio_icon.icns; sourceTree = "<group>"; };
		AE6966560EF6ABF200B029FE /* AppController.h */ = {isa = PBXFileReference; fileEncoding = 4; lastKnownFileType = sourcecode.c.h; path = AppController.h; sourceTree = "<group>"; };
		AE6966570EF6ABF200B029FE /* AppController.m */ = {isa = PBXFileReference; fileEncoding = 4; lastKnownFileType = sourcecode.c.objc; path = AppController.m; sourceTree = "<group>"; };
		AE6966590EF6AC0300B029FE /* MainWindowController.h */ = {isa = PBXFileReference; fileEncoding = 4; lastKnownFileType = sourcecode.c.h; path = MainWindowController.h; sourceTree = "<group>"; };
		AE69665A0EF6AC0300B029FE /* MainWindowController.m */ = {isa = PBXFileReference; fileEncoding = 4; lastKnownFileType = sourcecode.c.objc; path = MainWindowController.m; sourceTree = "<group>"; };
		AE69666F0EF6AD1800B029FE /* EmpViewController.h */ = {isa = PBXFileReference; fileEncoding = 4; lastKnownFileType = sourcecode.c.h; path = EmpViewController.h; sourceTree = "<group>"; };
		AE6966700EF6AD1800B029FE /* EmpViewController.m */ = {isa = PBXFileReference; fileEncoding = 4; lastKnownFileType = sourcecode.c.objc; path = EmpViewController.m; sourceTree = "<group>"; };
		AE6966850EF6AE9700B029FE /* MainWindow.xib */ = {isa = PBXFileReference; lastKnownFileType = file.xib; path = MainWindow.xib; sourceTree = "<group>"; };
		AE69668E0EF6AF3D00B029FE /* EmpView.xib */ = {isa = PBXFileReference; lastKnownFileType = file.xib; path = EmpView.xib; sourceTree = "<group>"; };
		AE73A0020EF950EA00AB9578 /* Growl Registration Ticket.growlRegDict */ = {isa = PBXFileReference; fileEncoding = 4; lastKnownFileType = text.xml; path = "Growl Registration Ticket.growlRegDict"; sourceTree = "<group>"; };
		AE73A04B0EF957A200AB9578 /* Growl.framework */ = {isa = PBXFileReference; lastKnownFileType = wrapper.framework; path = Growl.framework; sourceTree = "<group>"; };
		AEA0B43C0EF7EFCE00137DAA /* Preferences.xib */ = {isa = PBXFileReference; lastKnownFileType = file.xib; path = Preferences.xib; sourceTree = "<group>"; };
		AEA0B4400EF7F01600137DAA /* Sparkle.framework */ = {isa = PBXFileReference; lastKnownFileType = wrapper.framework; path = Sparkle.framework; sourceTree = "<group>"; };
		AEA0B4500EF7F09400137DAA /* PreferencesWindowController.h */ = {isa = PBXFileReference; fileEncoding = 4; lastKnownFileType = sourcecode.c.h; path = PreferencesWindowController.h; sourceTree = "<group>"; };
		AEA0B4510EF7F09400137DAA /* PreferencesWindowController.m */ = {isa = PBXFileReference; fileEncoding = 4; lastKnownFileType = sourcecode.c.objc; path = PreferencesWindowController.m; sourceTree = "<group>"; };
		AEA0B4870EF7F3C900137DAA /* dsa_pub.pem */ = {isa = PBXFileReference; fileEncoding = 4; lastKnownFileType = text; path = dsa_pub.pem; sourceTree = "<group>"; };
		AEA0B5510EF8055B00137DAA /* Preloader.h */ = {isa = PBXFileReference; fileEncoding = 4; lastKnownFileType = sourcecode.c.h; path = Preloader.h; sourceTree = "<group>"; };
		AEA0B5520EF8055B00137DAA /* Preloader.m */ = {isa = PBXFileReference; fileEncoding = 4; lastKnownFileType = sourcecode.c.objc; path = Preloader.m; sourceTree = "<group>"; };
		AEC7925B0F1346B8000098B1 /* Service.h */ = {isa = PBXFileReference; fileEncoding = 4; lastKnownFileType = sourcecode.c.h; path = Service.h; sourceTree = "<group>"; };
		AEC7925C0F1346B8000098B1 /* Service.m */ = {isa = PBXFileReference; fileEncoding = 4; lastKnownFileType = sourcecode.c.objc; path = Service.m; sourceTree = "<group>"; };
		AEC793E90F13A2CB000098B1 /* Broadcast.h */ = {isa = PBXFileReference; fileEncoding = 4; lastKnownFileType = sourcecode.c.h; path = Broadcast.h; sourceTree = "<group>"; };
		AEC793EA0F13A2CB000098B1 /* Broadcast.m */ = {isa = PBXFileReference; fileEncoding = 4; lastKnownFileType = sourcecode.c.objc; path = Broadcast.m; sourceTree = "<group>"; };
		AEDD16960F0BEFF3009F81AD /* 1xtra.png */ = {isa = PBXFileReference; lastKnownFileType = image.png; path = 1xtra.png; sourceTree = "<group>"; };
		AEDD16970F0BEFF3009F81AD /* 5livesportsextra.png */ = {isa = PBXFileReference; lastKnownFileType = image.png; path = 5livesportsextra.png; sourceTree = "<group>"; };
		AEDD16980F0BEFF3009F81AD /* 6music.png */ = {isa = PBXFileReference; lastKnownFileType = image.png; path = 6music.png; sourceTree = "<group>"; };
		AEDD16990F0BEFF4009F81AD /* asiannetwork.png */ = {isa = PBXFileReference; lastKnownFileType = image.png; path = asiannetwork.png; sourceTree = "<group>"; };
		AEDD169A0F0BEFF4009F81AD /* radio7.png */ = {isa = PBXFileReference; lastKnownFileType = image.png; path = radio7.png; sourceTree = "<group>"; };
		AEDD169B0F0BEFF4009F81AD /* fivelive.png */ = {isa = PBXFileReference; lastKnownFileType = image.png; path = fivelive.png; sourceTree = "<group>"; };
		AEDD169C0F0BEFF4009F81AD /* radio1.png */ = {isa = PBXFileReference; lastKnownFileType = image.png; path = radio1.png; sourceTree = "<group>"; };
		AEDD169D0F0BEFF4009F81AD /* radio2.png */ = {isa = PBXFileReference; lastKnownFileType = image.png; path = radio2.png; sourceTree = "<group>"; };
		AEDD169E0F0BEFF4009F81AD /* radio3.png */ = {isa = PBXFileReference; lastKnownFileType = image.png; path = radio3.png; sourceTree = "<group>"; };
		AEDD169F0F0BEFF4009F81AD /* radio4.png */ = {isa = PBXFileReference; lastKnownFileType = image.png; path = radio4.png; sourceTree = "<group>"; };
		AEDD16A00F0BEFF4009F81AD /* worldservice.png */ = {isa = PBXFileReference; lastKnownFileType = image.png; path = worldservice.png; sourceTree = "<group>"; };
		AEED013A0F066FD30022205D /* NSString-Utilities.h */ = {isa = PBXFileReference; fileEncoding = 4; lastKnownFileType = sourcecode.c.h; path = "NSString-Utilities.h"; sourceTree = "<group>"; };
		AEED013B0F066FD30022205D /* NSString-Utilities.m */ = {isa = PBXFileReference; fileEncoding = 4; lastKnownFileType = sourcecode.c.objc; path = "NSString-Utilities.m"; sourceTree = "<group>"; };
		AEF9A56F0F438C7500E9D841 /* liveReal.html */ = {isa = PBXFileReference; fileEncoding = 4; lastKnownFileType = text.html; path = liveReal.html; sourceTree = "<group>"; };
/* End PBXFileReference section */

/* Begin PBXFrameworksBuildPhase section */
		8D11072E0486CEB800E47090 /* Frameworks */ = {
			isa = PBXFrameworksBuildPhase;
			buildActionMask = 2147483647;
			files = (
				8D11072F0486CEB800E47090 /* Cocoa.framework in Frameworks */,
				AE333BBB0EF798740077A647 /* WebKit.framework in Frameworks */,
				AEA0B4410EF7F01600137DAA /* Sparkle.framework in Frameworks */,
				AE73A04C0EF957A200AB9578 /* Growl.framework in Frameworks */,
			);
			runOnlyForDeploymentPostprocessing = 0;
		};
/* End PBXFrameworksBuildPhase section */

/* Begin PBXGroup section */
		080E96DDFE201D6D7F000001 /* Controllers */ = {
			isa = PBXGroup;
			children = (
				AE6966560EF6ABF200B029FE /* AppController.h */,
				AE6966570EF6ABF200B029FE /* AppController.m */,
				AE6966590EF6AC0300B029FE /* MainWindowController.h */,
				AE69665A0EF6AC0300B029FE /* MainWindowController.m */,
				AE69666F0EF6AD1800B029FE /* EmpViewController.h */,
				AE6966700EF6AD1800B029FE /* EmpViewController.m */,
				AEA0B4500EF7F09400137DAA /* PreferencesWindowController.h */,
				AEA0B4510EF7F09400137DAA /* PreferencesWindowController.m */,
			);
			name = Controllers;
			sourceTree = "<group>";
		};
		1058C7A0FEA54F0111CA2CBB /* Linked Frameworks */ = {
			isa = PBXGroup;
			children = (
				AE73A04B0EF957A200AB9578 /* Growl.framework */,
				AEA0B4400EF7F01600137DAA /* Sparkle.framework */,
				1058C7A1FEA54F0111CA2CBB /* Cocoa.framework */,
			);
			name = "Linked Frameworks";
			sourceTree = "<group>";
		};
		1058C7A2FEA54F0111CA2CBB /* Other Frameworks */ = {
			isa = PBXGroup;
			children = (
				AE333BBA0EF798740077A647 /* WebKit.framework */,
				29B97324FDCFA39411CA2CEA /* AppKit.framework */,
				29B97325FDCFA39411CA2CEA /* Foundation.framework */,
			);
			name = "Other Frameworks";
			sourceTree = "<group>";
		};
		19C28FACFE9D520D11CA2CBB /* Products */ = {
			isa = PBXGroup;
			children = (
				8D1107320486CEB800E47090 /* RadioAunty.app */,
			);
			name = Products;
			sourceTree = "<group>";
		};
		29B97314FDCFA39411CA2CEA /* Radio */ = {
			isa = PBXGroup;
			children = (
				AEDD16C40F0BF062009F81AD /* Images */,
				AEED013E0F066FF20022205D /* Categories */,
				AEA0B0F50EF7B44F00137DAA /* Models */,
				AEA0B0F40EF7B44600137DAA /* Views */,
				080E96DDFE201D6D7F000001 /* Controllers */,
				29B97315FDCFA39411CA2CEA /* Other Sources */,
				29B97317FDCFA39411CA2CEA /* Resources */,
				29B97323FDCFA39411CA2CEA /* Frameworks */,
				19C28FACFE9D520D11CA2CBB /* Products */,
			);
			name = Radio;
			sourceTree = "<group>";
		};
		29B97315FDCFA39411CA2CEA /* Other Sources */ = {
			isa = PBXGroup;
			children = (
				32CA4F630368D1EE00C91783 /* Radio_Prefix.pch */,
				29B97316FDCFA39411CA2CEA /* main.m */,
			);
			name = "Other Sources";
			sourceTree = "<group>";
		};
		29B97317FDCFA39411CA2CEA /* Resources */ = {
			isa = PBXGroup;
			children = (
				AE630BAB0F1CDC7200905968 /* radio_icon.icns */,
				AEF9A56F0F438C7500E9D841 /* liveReal.html */,
				AE1BFB920F173B8A006ED3DF /* live.html */,
				AE1BFB930F173B8A006ED3DF /* emp.html */,
				AEA0B4870EF7F3C900137DAA /* dsa_pub.pem */,
				AE333BDB0EF79B4B0077A647 /* Stations.plist */,
				8D1107310486CEB800E47090 /* Info.plist */,
				089C165CFE840E0CC02AAC07 /* InfoPlist.strings */,
				1DDD58140DA1D0A300B32029 /* MainMenu.xib */,
				AE6966850EF6AE9700B029FE /* MainWindow.xib */,
				AE69668E0EF6AF3D00B029FE /* EmpView.xib */,
				AEA0B43C0EF7EFCE00137DAA /* Preferences.xib */,
				AE73A0020EF950EA00AB9578 /* Growl Registration Ticket.growlRegDict */,
			);
			name = Resources;
			sourceTree = "<group>";
		};
		29B97323FDCFA39411CA2CEA /* Frameworks */ = {
			isa = PBXGroup;
			children = (
				1058C7A0FEA54F0111CA2CBB /* Linked Frameworks */,
				1058C7A2FEA54F0111CA2CBB /* Other Frameworks */,
			);
			name = Frameworks;
			sourceTree = "<group>";
		};
		AEA0B0F40EF7B44600137DAA /* Views */ = {
			isa = PBXGroup;
			children = (
				AEA0B5510EF8055B00137DAA /* Preloader.h */,
				AEA0B5520EF8055B00137DAA /* Preloader.m */,
			);
			name = Views;
			sourceTree = "<group>";
		};
		AEA0B0F50EF7B44F00137DAA /* Models */ = {
			isa = PBXGroup;
			children = (
				AEC793E90F13A2CB000098B1 /* Broadcast.h */,
				AEC793EA0F13A2CB000098B1 /* Broadcast.m */,
				AE0E9C220EFA3B460024215E /* Schedule.h */,
				AE0E9C230EFA3B460024215E /* Schedule.m */,
				AEC7925B0F1346B8000098B1 /* Service.h */,
				AEC7925C0F1346B8000098B1 /* Service.m */,
			);
			name = Models;
			sourceTree = "<group>";
		};
		AEDD16C40F0BF062009F81AD /* Images */ = {
			isa = PBXGroup;
			children = (
				AEDD16960F0BEFF3009F81AD /* 1xtra.png */,
				AEDD16970F0BEFF3009F81AD /* 5livesportsextra.png */,
				AEDD16980F0BEFF3009F81AD /* 6music.png */,
				AEDD16990F0BEFF4009F81AD /* asiannetwork.png */,
				AEDD169A0F0BEFF4009F81AD /* radio7.png */,
				AEDD169B0F0BEFF4009F81AD /* fivelive.png */,
				AEDD169C0F0BEFF4009F81AD /* radio1.png */,
				AEDD169D0F0BEFF4009F81AD /* radio2.png */,
				AEDD169E0F0BEFF4009F81AD /* radio3.png */,
				AEDD169F0F0BEFF4009F81AD /* radio4.png */,
				AEDD16A00F0BEFF4009F81AD /* worldservice.png */,
			);
			name = Images;
			sourceTree = "<group>";
		};
		AEED013E0F066FF20022205D /* Categories */ = {
			isa = PBXGroup;
			children = (
				AEED013A0F066FD30022205D /* NSString-Utilities.h */,
				AEED013B0F066FD30022205D /* NSString-Utilities.m */,
			);
			name = Categories;
			sourceTree = "<group>";
		};
/* End PBXGroup section */

/* Begin PBXNativeTarget section */
		8D1107260486CEB800E47090 /* Radio */ = {
			isa = PBXNativeTarget;
			buildConfigurationList = C01FCF4A08A954540054247B /* Build configuration list for PBXNativeTarget "Radio" */;
			buildPhases = (
				8D1107290486CEB800E47090 /* Resources */,
				8D11072C0486CEB800E47090 /* Sources */,
				8D11072E0486CEB800E47090 /* Frameworks */,
				AEA0B44F0EF7F03D00137DAA /* CopyFiles */,
				AEB914C80EFBF7CE0074754A /* CopyFiles */,
			);
			buildRules = (
			);
			dependencies = (
			);
			name = Radio;
			productInstallPath = "$(HOME)/Applications";
			productName = Radio;
			productReference = 8D1107320486CEB800E47090 /* RadioAunty.app */;
			productType = "com.apple.product-type.application";
		};
/* End PBXNativeTarget section */

/* Begin PBXProject section */
		29B97313FDCFA39411CA2CEA /* Project object */ = {
			isa = PBXProject;
			buildConfigurationList = C01FCF4E08A954540054247B /* Build configuration list for PBXProject "Radio" */;
			compatibilityVersion = "Xcode 3.1";
			hasScannedForEncodings = 1;
			mainGroup = 29B97314FDCFA39411CA2CEA /* Radio */;
			projectDirPath = "";
			projectRoot = "";
			targets = (
				8D1107260486CEB800E47090 /* Radio */,
			);
		};
/* End PBXProject section */

/* Begin PBXResourcesBuildPhase section */
		8D1107290486CEB800E47090 /* Resources */ = {
			isa = PBXResourcesBuildPhase;
			buildActionMask = 2147483647;
			files = (
				8D11072B0486CEB800E47090 /* InfoPlist.strings in Resources */,
				1DDD58160DA1D0A300B32029 /* MainMenu.xib in Resources */,
				AE6966860EF6AE9700B029FE /* MainWindow.xib in Resources */,
				AE69668F0EF6AF3D00B029FE /* EmpView.xib in Resources */,
				AE333BDC0EF79B4B0077A647 /* Stations.plist in Resources */,
				AEA0B43D0EF7EFCE00137DAA /* Preferences.xib in Resources */,
				AEA0B4880EF7F3C900137DAA /* dsa_pub.pem in Resources */,
				AE73A0030EF950EA00AB9578 /* Growl Registration Ticket.growlRegDict in Resources */,
				AEDD16A10F0BEFF4009F81AD /* 1xtra.png in Resources */,
				AEDD16A20F0BEFF4009F81AD /* 5livesportsextra.png in Resources */,
				AEDD16A30F0BEFF4009F81AD /* 6music.png in Resources */,
				AEDD16A40F0BEFF4009F81AD /* asiannetwork.png in Resources */,
				AEDD16A50F0BEFF4009F81AD /* radio7.png in Resources */,
				AEDD16A60F0BEFF4009F81AD /* fivelive.png in Resources */,
				AEDD16A70F0BEFF4009F81AD /* radio1.png in Resources */,
				AEDD16A80F0BEFF4009F81AD /* radio2.png in Resources */,
				AEDD16A90F0BEFF4009F81AD /* radio3.png in Resources */,
				AEDD16AA0F0BEFF4009F81AD /* radio4.png in Resources */,
				AEDD16AB0F0BEFF4009F81AD /* worldservice.png in Resources */,
				AE1BFB940F173B8A006ED3DF /* live.html in Resources */,
				AE1BFB950F173B8A006ED3DF /* emp.html in Resources */,
				AE630BAC0F1CDC7200905968 /* radio_icon.icns in Resources */,
				AEF9A5700F438C7500E9D841 /* liveReal.html in Resources */,
			);
			runOnlyForDeploymentPostprocessing = 0;
		};
/* End PBXResourcesBuildPhase section */

/* Begin PBXSourcesBuildPhase section */
		8D11072C0486CEB800E47090 /* Sources */ = {
			isa = PBXSourcesBuildPhase;
			buildActionMask = 2147483647;
			files = (
				8D11072D0486CEB800E47090 /* main.m in Sources */,
				AE6966580EF6ABF200B029FE /* AppController.m in Sources */,
				AE69665B0EF6AC0300B029FE /* MainWindowController.m in Sources */,
				AE6966710EF6AD1800B029FE /* EmpViewController.m in Sources */,
				AEA0B4520EF7F09400137DAA /* PreferencesWindowController.m in Sources */,
				AEA0B5530EF8055B00137DAA /* Preloader.m in Sources */,
				AE0E9C240EFA3B460024215E /* Schedule.m in Sources */,
				AEED013C0F066FD40022205D /* NSString-Utilities.m in Sources */,
				AEC7925D0F1346B8000098B1 /* Service.m in Sources */,
				AEC793EB0F13A2CB000098B1 /* Broadcast.m in Sources */,
			);
			runOnlyForDeploymentPostprocessing = 0;
		};
/* End PBXSourcesBuildPhase section */

/* Begin PBXVariantGroup section */
		089C165CFE840E0CC02AAC07 /* InfoPlist.strings */ = {
			isa = PBXVariantGroup;
			children = (
				089C165DFE840E0CC02AAC07 /* English */,
			);
			name = InfoPlist.strings;
			sourceTree = "<group>";
		};
		1DDD58140DA1D0A300B32029 /* MainMenu.xib */ = {
			isa = PBXVariantGroup;
			children = (
				1DDD58150DA1D0A300B32029 /* English */,
			);
			name = MainMenu.xib;
			sourceTree = "<group>";
		};
/* End PBXVariantGroup section */

/* Begin XCBuildConfiguration section */
		C01FCF4B08A954540054247B /* Debug */ = {
			isa = XCBuildConfiguration;
			buildSettings = {
				ALWAYS_SEARCH_USER_PATHS = NO;
				COPY_PHASE_STRIP = NO;
				FRAMEWORK_SEARCH_PATHS = (
					"$(inherited)",
					"\"$(SRCROOT)\"",
				);
				GCC_DYNAMIC_NO_PIC = NO;
				GCC_ENABLE_FIX_AND_CONTINUE = YES;
				GCC_MODEL_TUNING = G5;
				GCC_OPTIMIZATION_LEVEL = 0;
				GCC_PRECOMPILE_PREFIX_HEADER = YES;
				GCC_PREFIX_HEADER = Radio_Prefix.pch;
				INFOPLIST_FILE = Info.plist;
				INSTALL_PATH = "$(HOME)/Applications";
				PRODUCT_NAME = RadioAunty;
			};
			name = Debug;
		};
		C01FCF4C08A954540054247B /* Release */ = {
			isa = XCBuildConfiguration;
			buildSettings = {
				ALWAYS_SEARCH_USER_PATHS = NO;
				DEBUG_INFORMATION_FORMAT = "dwarf-with-dsym";
				FRAMEWORK_SEARCH_PATHS = (
					"$(inherited)",
					"\"$(SRCROOT)\"",
				);
				GCC_MODEL_TUNING = G5;
				GCC_PRECOMPILE_PREFIX_HEADER = YES;
				GCC_PREFIX_HEADER = Radio_Prefix.pch;
				INFOPLIST_FILE = Info.plist;
				INSTALL_PATH = "$(HOME)/Applications";
				PRODUCT_NAME = RadioAunty;
			};
			name = Release;
		};
		C01FCF4F08A954540054247B /* Debug */ = {
			isa = XCBuildConfiguration;
			buildSettings = {
				ARCHS = "$(ARCHS_STANDARD_32_BIT)";
				GCC_C_LANGUAGE_STANDARD = c99;
				GCC_OPTIMIZATION_LEVEL = 0;
				GCC_WARN_ABOUT_RETURN_TYPE = YES;
				GCC_WARN_UNUSED_VARIABLE = YES;
				ONLY_ACTIVE_ARCH = YES;
				PREBINDING = NO;
				SDKROOT = macosx10.5;
			};
			name = Debug;
		};
		C01FCF5008A954540054247B /* Release */ = {
			isa = XCBuildConfiguration;
			buildSettings = {
				ARCHS = "$(ARCHS_STANDARD_32_BIT)";
				GCC_C_LANGUAGE_STANDARD = c99;
				GCC_WARN_ABOUT_RETURN_TYPE = YES;
				GCC_WARN_UNUSED_VARIABLE = YES;
				PREBINDING = NO;
				SDKROOT = macosx10.5;
			};
			name = Release;
		};
/* End XCBuildConfiguration section */

/* Begin XCConfigurationList section */
		C01FCF4A08A954540054247B /* Build configuration list for PBXNativeTarget "Radio" */ = {
			isa = XCConfigurationList;
			buildConfigurations = (
				C01FCF4B08A954540054247B /* Debug */,
				C01FCF4C08A954540054247B /* Release */,
			);
			defaultConfigurationIsVisible = 0;
			defaultConfigurationName = Release;
		};
		C01FCF4E08A954540054247B /* Build configuration list for PBXProject "Radio" */ = {
			isa = XCConfigurationList;
			buildConfigurations = (
				C01FCF4F08A954540054247B /* Debug */,
				C01FCF5008A954540054247B /* Release */,
			);
			defaultConfigurationIsVisible = 0;
			defaultConfigurationName = Release;
		};
/* End XCConfigurationList section */
	};
	rootObject = 29B97313FDCFA39411CA2CEA /* Project object */;
}
