// !$*UTF8*$!
{
	archiveVersion = 1;
	classes = {
	};
	objectVersion = 45;
	objects = {

/* Begin PBXBuildFile section */
		1DDD58160DA1D0A300B32029 /* MainMenu.xib in Resources */ = {isa = PBXBuildFile; fileRef = 1DDD58140DA1D0A300B32029 /* MainMenu.xib */; };
		8D11072B0486CEB800E47090 /* InfoPlist.strings in Resources */ = {isa = PBXBuildFile; fileRef = 089C165CFE840E0CC02AAC07 /* InfoPlist.strings */; };
		8D11072D0486CEB800E47090 /* main.m in Sources */ = {isa = PBXBuildFile; fileRef = 29B97316FDCFA39411CA2CEA /* main.m */; settings = {ATTRIBUTES = (); }; };
		8D11072F0486CEB800E47090 /* Cocoa.framework in Frameworks */ = {isa = PBXBuildFile; fileRef = 1058C7A1FEA54F0111CA2CBB /* Cocoa.framework */; };
		AE1BFB940F173B8A006ED3DF /* live.html in Resources */ = {isa = PBXBuildFile; fileRef = AE1BFB920F173B8A006ED3DF /* live.html */; };
		AE2B0F931234EC460028D2D1 /* RFSRVResolver.m in Sources */ = {isa = PBXBuildFile; fileRef = AE2B0F921234EC460028D2D1 /* RFSRVResolver.m */; };
		AE2B0FB51234ED170028D2D1 /* libresolv.dylib in Frameworks */ = {isa = PBXBuildFile; fileRef = AE2B0FB41234ED170028D2D1 /* libresolv.dylib */; };
		AE2B1612123A125E0028D2D1 /* LiveTextView.m in Sources */ = {isa = PBXBuildFile; fileRef = AE2B1611123A125E0028D2D1 /* LiveTextView.m */; };
		AE2B1AF8123E1CEE0028D2D1 /* XMPPPubSub.m in Sources */ = {isa = PBXBuildFile; fileRef = AE2B1AF7123E1CEE0028D2D1 /* XMPPPubSub.m */; };
		AE333BBB0EF798740077A647 /* WebKit.framework in Frameworks */ = {isa = PBXBuildFile; fileRef = AE333BBA0EF798740077A647 /* WebKit.framework */; };
		AE333BDC0EF79B4B0077A647 /* Defaults.plist in Resources */ = {isa = PBXBuildFile; fileRef = AE333BDB0EF79B4B0077A647 /* Defaults.plist */; };
		AE3FF51C0F7A1F4B006C8B21 /* Credits.rtf in Resources */ = {isa = PBXBuildFile; fileRef = AE3FF51B0F7A1F4B006C8B21 /* Credits.rtf */; };
		AE49A90011AE65C90049C993 /* aod.html in Resources */ = {isa = PBXBuildFile; fileRef = AE49A8FF11AE65C90049C993 /* aod.html */; };
		AE49AA2111AEF8C90049C993 /* NSObject+SBJSON.m in Sources */ = {isa = PBXBuildFile; fileRef = AE49AA1611AEF8C90049C993 /* NSObject+SBJSON.m */; };
		AE49AA2211AEF8C90049C993 /* NSString+SBJSON.m in Sources */ = {isa = PBXBuildFile; fileRef = AE49AA1811AEF8C90049C993 /* NSString+SBJSON.m */; };
		AE49AA2311AEF8C90049C993 /* SBJSON.m in Sources */ = {isa = PBXBuildFile; fileRef = AE49AA1A11AEF8C90049C993 /* SBJSON.m */; };
		AE49AA2411AEF8C90049C993 /* SBJsonBase.m in Sources */ = {isa = PBXBuildFile; fileRef = AE49AA1C11AEF8C90049C993 /* SBJsonBase.m */; };
		AE49AA2511AEF8C90049C993 /* SBJsonParser.m in Sources */ = {isa = PBXBuildFile; fileRef = AE49AA1E11AEF8C90049C993 /* SBJsonParser.m */; };
		AE49AA2611AEF8C90049C993 /* SBJsonWriter.m in Sources */ = {isa = PBXBuildFile; fileRef = AE49AA2011AEF8C90049C993 /* SBJsonWriter.m */; };
		AE49AA3711AEFA1B0049C993 /* BBCSchedule.m in Sources */ = {isa = PBXBuildFile; fileRef = AE49AA3611AEFA1B0049C993 /* BBCSchedule.m */; };
		AE49AA3A11AEFA320049C993 /* BBCBroadcast.m in Sources */ = {isa = PBXBuildFile; fileRef = AE49AA3911AEFA320049C993 /* BBCBroadcast.m */; };
		AE49AA3D11AEFA460049C993 /* BBCService.m in Sources */ = {isa = PBXBuildFile; fileRef = AE49AA3C11AEFA460049C993 /* BBCService.m */; };
		AE49ADC911B14C0E0049C993 /* ISO8601DateFormatter.m in Sources */ = {isa = PBXBuildFile; fileRef = AE49ADC811B14C0E0049C993 /* ISO8601DateFormatter.m */; };
		AE49ADCC11B14C3C0049C993 /* GDataHTTPFetcher.m in Sources */ = {isa = PBXBuildFile; fileRef = AE49ADCB11B14C3C0049C993 /* GDataHTTPFetcher.m */; };
		AE5E3C9512477ACC00C15403 /* Scrobble.m in Sources */ = {isa = PBXBuildFile; fileRef = AE5E3C9412477ACC00C15403 /* Scrobble.m */; };
		AE5E4259124AA3AF00C15403 /* lastFM.png in Resources */ = {isa = PBXBuildFile; fileRef = AE5E4258124AA3AF00C15403 /* lastFM.png */; };
		AE630BAC0F1CDC7200905968 /* radio_icon.icns in Resources */ = {isa = PBXBuildFile; fileRef = AE630BAB0F1CDC7200905968 /* radio_icon.icns */; };
		AE69665B0EF6AC0300B029FE /* MainWindowController.m in Sources */ = {isa = PBXBuildFile; fileRef = AE69665A0EF6AC0300B029FE /* MainWindowController.m */; };
		AE6966710EF6AD1800B029FE /* EmpViewController.m in Sources */ = {isa = PBXBuildFile; fileRef = AE6966700EF6AD1800B029FE /* EmpViewController.m */; };
		AE6966860EF6AE9700B029FE /* MainWindow.xib in Resources */ = {isa = PBXBuildFile; fileRef = AE6966850EF6AE9700B029FE /* MainWindow.xib */; };
		AE69668F0EF6AF3D00B029FE /* EmpView.xib in Resources */ = {isa = PBXBuildFile; fileRef = AE69668E0EF6AF3D00B029FE /* EmpView.xib */; };
		AE73A0030EF950EA00AB9578 /* Growl Registration Ticket.growlRegDict in Resources */ = {isa = PBXBuildFile; fileRef = AE73A0020EF950EA00AB9578 /* Growl Registration Ticket.growlRegDict */; };
		AE73A04C0EF957A200AB9578 /* Growl.framework in Frameworks */ = {isa = PBXBuildFile; fileRef = AE73A04B0EF957A200AB9578 /* Growl.framework */; };
		AE73A04F0EF957B200AB9578 /* Growl.framework in CopyFiles */ = {isa = PBXBuildFile; fileRef = AE73A04B0EF957A200AB9578 /* Growl.framework */; };
		AE75A00011CA698800A12D3B /* AppDelegate.m in Sources */ = {isa = PBXBuildFile; fileRef = AE759FFF11CA698800A12D3B /* AppDelegate.m */; };
		AE801A3B11F6D41D00C914F4 /* XMPPAdHocCommands.m in Sources */ = {isa = PBXBuildFile; fileRef = AE801A3A11F6D41D00C914F4 /* XMPPAdHocCommands.m */; };
		AE8574E811CBA7B600691F4B /* SSCrypto.m in Sources */ = {isa = PBXBuildFile; fileRef = AE85749D11CBA7B600691F4B /* SSCrypto.m */; };
		AE8574E911CBA7B600691F4B /* AsyncSocket.m in Sources */ = {isa = PBXBuildFile; fileRef = AE8574A011CBA7B600691F4B /* AsyncSocket.m */; };
		AE8574EA11CBA7B600691F4B /* NSXMLElementAdditions.m in Sources */ = {isa = PBXBuildFile; fileRef = AE8574A411CBA7B600691F4B /* NSXMLElementAdditions.m */; };
		AE8574EB11CBA7B600691F4B /* NSDataAdditions.m in Sources */ = {isa = PBXBuildFile; fileRef = AE8574A611CBA7B600691F4B /* NSDataAdditions.m */; };
		AE8574EC11CBA7B600691F4B /* MulticastDelegate.m in Sources */ = {isa = PBXBuildFile; fileRef = AE8574A911CBA7B600691F4B /* MulticastDelegate.m */; };
		AE8574ED11CBA7B600691F4B /* LibIDN.m in Sources */ = {isa = PBXBuildFile; fileRef = AE8574AB11CBA7B600691F4B /* LibIDN.m */; };
		AE8574EE11CBA7B600691F4B /* XMPPParser.m in Sources */ = {isa = PBXBuildFile; fileRef = AE8574B111CBA7B600691F4B /* XMPPParser.m */; };
		AE8574EF11CBA7B600691F4B /* XMPPStream.m in Sources */ = {isa = PBXBuildFile; fileRef = AE8574B311CBA7B600691F4B /* XMPPStream.m */; };
		AE8574F011CBA7B600691F4B /* XMPPJID.m in Sources */ = {isa = PBXBuildFile; fileRef = AE8574B511CBA7B600691F4B /* XMPPJID.m */; };
		AE8574F111CBA7B600691F4B /* XMPPElement.m in Sources */ = {isa = PBXBuildFile; fileRef = AE8574B711CBA7B600691F4B /* XMPPElement.m */; };
		AE8574F211CBA7B600691F4B /* XMPPIQ.m in Sources */ = {isa = PBXBuildFile; fileRef = AE8574B911CBA7B600691F4B /* XMPPIQ.m */; };
		AE8574F311CBA7B600691F4B /* XMPPMessage.m in Sources */ = {isa = PBXBuildFile; fileRef = AE8574BB11CBA7B600691F4B /* XMPPMessage.m */; };
		AE8574F411CBA7B600691F4B /* XMPPPresence.m in Sources */ = {isa = PBXBuildFile; fileRef = AE8574BD11CBA7B600691F4B /* XMPPPresence.m */; };
		AE8574F511CBA7B600691F4B /* XMPPReconnect.m in Sources */ = {isa = PBXBuildFile; fileRef = AE8574BF11CBA7B600691F4B /* XMPPReconnect.m */; };
		AE8574F611CBA7B600691F4B /* XMPPModule.m in Sources */ = {isa = PBXBuildFile; fileRef = AE8574C111CBA7B600691F4B /* XMPPModule.m */; };
		AE8574F711CBA7B600691F4B /* XMPPRoster.m in Sources */ = {isa = PBXBuildFile; fileRef = AE8574C411CBA7B600691F4B /* XMPPRoster.m */; };
		AE8574F811CBA7B600691F4B /* XMPPRosterMemoryStorage.m in Sources */ = {isa = PBXBuildFile; fileRef = AE8574CB11CBA7B600691F4B /* XMPPRosterMemoryStorage.m */; };
		AE8574F911CBA7B600691F4B /* XMPPUserMemoryStorage.m in Sources */ = {isa = PBXBuildFile; fileRef = AE8574CD11CBA7B600691F4B /* XMPPUserMemoryStorage.m */; };
		AE8574FA11CBA7B600691F4B /* XMPPResourceMemoryStorage.m in Sources */ = {isa = PBXBuildFile; fileRef = AE8574CF11CBA7B600691F4B /* XMPPResourceMemoryStorage.m */; };
		AE8574FB11CBA7B600691F4B /* DDNumber.m in Sources */ = {isa = PBXBuildFile; fileRef = AE8574D411CBA7B600691F4B /* DDNumber.m */; };
		AE8574FC11CBA7B600691F4B /* TURNSocket.m in Sources */ = {isa = PBXBuildFile; fileRef = AE8574D611CBA7B600691F4B /* TURNSocket.m */; };
		AE8574FD11CBA7B600691F4B /* XMPPTransports.m in Sources */ = {isa = PBXBuildFile; fileRef = AE8574D911CBA7B600691F4B /* XMPPTransports.m */; };
		AE8574FE11CBA7B600691F4B /* XMPPCapabilities.m in Sources */ = {isa = PBXBuildFile; fileRef = AE8574DC11CBA7B600691F4B /* XMPPCapabilities.m */; };
		AE8574FF11CBA7B600691F4B /* XMPPCapabilitiesCoreDataStorage.m in Sources */ = {isa = PBXBuildFile; fileRef = AE8574DF11CBA7B600691F4B /* XMPPCapabilitiesCoreDataStorage.m */; };
		AE85750011CBA7B600691F4B /* XMPPCapabilities.xcdatamodel in Sources */ = {isa = PBXBuildFile; fileRef = AE8574E011CBA7B600691F4B /* XMPPCapabilities.xcdatamodel */; };
		AE85750111CBA7B600691F4B /* XMPPCapsCoreDataStorageObject.m in Sources */ = {isa = PBXBuildFile; fileRef = AE8574E211CBA7B600691F4B /* XMPPCapsCoreDataStorageObject.m */; };
		AE85750211CBA7B600691F4B /* XMPPCapsResourceCoreDataStorageObject.m in Sources */ = {isa = PBXBuildFile; fileRef = AE8574E411CBA7B600691F4B /* XMPPCapsResourceCoreDataStorageObject.m */; };
		AE85750311CBA7B600691F4B /* XMPPPing.m in Sources */ = {isa = PBXBuildFile; fileRef = AE8574E711CBA7B600691F4B /* XMPPPing.m */; };
		AEA0B43D0EF7EFCE00137DAA /* Preferences.xib in Resources */ = {isa = PBXBuildFile; fileRef = AEA0B43C0EF7EFCE00137DAA /* Preferences.xib */; };
		AEA0B4410EF7F01600137DAA /* Sparkle.framework in Frameworks */ = {isa = PBXBuildFile; fileRef = AEA0B4400EF7F01600137DAA /* Sparkle.framework */; };
		AEA0B4520EF7F09400137DAA /* PreferencesWindowController.m in Sources */ = {isa = PBXBuildFile; fileRef = AEA0B4510EF7F09400137DAA /* PreferencesWindowController.m */; };
		AEA0B4880EF7F3C900137DAA /* dsa_pub.pem in Resources */ = {isa = PBXBuildFile; fileRef = AEA0B4870EF7F3C900137DAA /* dsa_pub.pem */; };
		AEA67EB8125A0BE30038B4C7 /* HistoryWindowController.m in Sources */ = {isa = PBXBuildFile; fileRef = AEA67EB7125A0BE30038B4C7 /* HistoryWindowController.m */; };
		AEA67EBA125A0C6B0038B4C7 /* History.xib in Resources */ = {isa = PBXBuildFile; fileRef = AEA67EB9125A0C6B0038B4C7 /* History.xib */; };
		AEA68039125A2DA90038B4C7 /* MyCell.m in Sources */ = {isa = PBXBuildFile; fileRef = AEA68038125A2DA90038B4C7 /* MyCell.m */; };
		AEA685CE125C76660038B4C7 /* Play.m in Sources */ = {isa = PBXBuildFile; fileRef = AEA685CD125C76660038B4C7 /* Play.m */; };
		AEB914C30EFBF7C90074754A /* Sparkle.framework in CopyFiles */ = {isa = PBXBuildFile; fileRef = AEA0B4400EF7F01600137DAA /* Sparkle.framework */; };
		AEC16F210F68334800A38C90 /* DockView.m in Sources */ = {isa = PBXBuildFile; fileRef = AEC16F200F68334800A38C90 /* DockView.m */; };
		AEDD16A10F0BEFF4009F81AD /* 1xtra.png in Resources */ = {isa = PBXBuildFile; fileRef = AEDD16960F0BEFF3009F81AD /* 1xtra.png */; };
		AEDD16A20F0BEFF4009F81AD /* 5livesportsextra.png in Resources */ = {isa = PBXBuildFile; fileRef = AEDD16970F0BEFF3009F81AD /* 5livesportsextra.png */; };
		AEDD16A30F0BEFF4009F81AD /* 6music.png in Resources */ = {isa = PBXBuildFile; fileRef = AEDD16980F0BEFF3009F81AD /* 6music.png */; };
		AEDD16A40F0BEFF4009F81AD /* asiannetwork.png in Resources */ = {isa = PBXBuildFile; fileRef = AEDD16990F0BEFF4009F81AD /* asiannetwork.png */; };
		AEDD16A50F0BEFF4009F81AD /* radio7.png in Resources */ = {isa = PBXBuildFile; fileRef = AEDD169A0F0BEFF4009F81AD /* radio7.png */; };
		AEDD16A60F0BEFF4009F81AD /* fivelive.png in Resources */ = {isa = PBXBuildFile; fileRef = AEDD169B0F0BEFF4009F81AD /* fivelive.png */; };
		AEDD16A70F0BEFF4009F81AD /* radio1.png in Resources */ = {isa = PBXBuildFile; fileRef = AEDD169C0F0BEFF4009F81AD /* radio1.png */; };
		AEDD16A80F0BEFF4009F81AD /* radio2.png in Resources */ = {isa = PBXBuildFile; fileRef = AEDD169D0F0BEFF4009F81AD /* radio2.png */; };
		AEDD16A90F0BEFF4009F81AD /* radio3.png in Resources */ = {isa = PBXBuildFile; fileRef = AEDD169E0F0BEFF4009F81AD /* radio3.png */; };
		AEDD16AA0F0BEFF4009F81AD /* radio4.png in Resources */ = {isa = PBXBuildFile; fileRef = AEDD169F0F0BEFF4009F81AD /* radio4.png */; };
		AEDD16AB0F0BEFF4009F81AD /* worldservice.png in Resources */ = {isa = PBXBuildFile; fileRef = AEDD16A00F0BEFF4009F81AD /* worldservice.png */; };
		AEE2780911CA503F008D9EC3 /* libidn.a in Frameworks */ = {isa = PBXBuildFile; fileRef = AEE2780811CA503F008D9EC3 /* libidn.a */; };
		AEE2780B11CA5099008D9EC3 /* libxml2.dylib in Frameworks */ = {isa = PBXBuildFile; fileRef = AEE2780A11CA5099008D9EC3 /* libxml2.dylib */; };
		AEE2780D11CA50A1008D9EC3 /* SystemConfiguration.framework in Frameworks */ = {isa = PBXBuildFile; fileRef = AEE2780C11CA50A1008D9EC3 /* SystemConfiguration.framework */; };
		AEE2780F11CA50A9008D9EC3 /* libcrypto.dylib in Frameworks */ = {isa = PBXBuildFile; fileRef = AEE2780E11CA50A9008D9EC3 /* libcrypto.dylib */; };
		AEE2781E11CA5248008D9EC3 /* DRNSString-Utilities.m in Sources */ = {isa = PBXBuildFile; fileRef = AEE2781C11CA5248008D9EC3 /* DRNSString-Utilities.m */; };
/* End PBXBuildFile section */

/* Begin PBXCopyFilesBuildPhase section */
		AEA0B44F0EF7F03D00137DAA /* CopyFiles */ = {
			isa = PBXCopyFilesBuildPhase;
			buildActionMask = 2147483647;
			dstPath = "";
			dstSubfolderSpec = 10;
			files = (
				AE73A04F0EF957B200AB9578 /* Growl.framework in CopyFiles */,
			);
			runOnlyForDeploymentPostprocessing = 0;
		};
		AEB914C80EFBF7CE0074754A /* CopyFiles */ = {
			isa = PBXCopyFilesBuildPhase;
			buildActionMask = 2147483647;
			dstPath = "";
			dstSubfolderSpec = 10;
			files = (
				AEB914C30EFBF7C90074754A /* Sparkle.framework in CopyFiles */,
			);
			runOnlyForDeploymentPostprocessing = 0;
		};
/* End PBXCopyFilesBuildPhase section */

/* Begin PBXFileReference section */
		089C165DFE840E0CC02AAC07 /* English */ = {isa = PBXFileReference; fileEncoding = 10; lastKnownFileType = text.plist.strings; name = English; path = English.lproj/InfoPlist.strings; sourceTree = "<group>"; };
		1058C7A1FEA54F0111CA2CBB /* Cocoa.framework */ = {isa = PBXFileReference; lastKnownFileType = wrapper.framework; name = Cocoa.framework; path = /System/Library/Frameworks/Cocoa.framework; sourceTree = "<absolute>"; };
		1DDD58150DA1D0A300B32029 /* English */ = {isa = PBXFileReference; lastKnownFileType = file.xib; name = English; path = English.lproj/MainMenu.xib; sourceTree = "<group>"; };
		29B97316FDCFA39411CA2CEA /* main.m */ = {isa = PBXFileReference; fileEncoding = 4; lastKnownFileType = sourcecode.c.objc; path = main.m; sourceTree = "<group>"; };
		29B97324FDCFA39411CA2CEA /* AppKit.framework */ = {isa = PBXFileReference; lastKnownFileType = wrapper.framework; name = AppKit.framework; path = /System/Library/Frameworks/AppKit.framework; sourceTree = "<absolute>"; };
		29B97325FDCFA39411CA2CEA /* Foundation.framework */ = {isa = PBXFileReference; lastKnownFileType = wrapper.framework; name = Foundation.framework; path = /System/Library/Frameworks/Foundation.framework; sourceTree = "<absolute>"; };
		32CA4F630368D1EE00C91783 /* Radio_Prefix.pch */ = {isa = PBXFileReference; fileEncoding = 4; lastKnownFileType = sourcecode.c.h; path = Radio_Prefix.pch; sourceTree = "<group>"; };
		8D1107310486CEB800E47090 /* Info.plist */ = {isa = PBXFileReference; fileEncoding = 4; lastKnownFileType = text.plist.xml; path = Info.plist; sourceTree = "<group>"; };
		8D1107320486CEB800E47090 /* RadioAunty.app */ = {isa = PBXFileReference; explicitFileType = wrapper.application; includeInIndex = 0; path = RadioAunty.app; sourceTree = BUILT_PRODUCTS_DIR; };
		AE1BFB920F173B8A006ED3DF /* live.html */ = {isa = PBXFileReference; fileEncoding = 4; lastKnownFileType = text.html; path = live.html; sourceTree = "<group>"; wrapsLines = 1; };
		AE2B0F911234EC460028D2D1 /* RFSRVResolver.h */ = {isa = PBXFileReference; fileEncoding = 4; lastKnownFileType = sourcecode.c.h; name = RFSRVResolver.h; path = "../../../svn/googlecode/xmppframework-read-only/RFSRVResolver.h"; sourceTree = SOURCE_ROOT; };
		AE2B0F921234EC460028D2D1 /* RFSRVResolver.m */ = {isa = PBXFileReference; fileEncoding = 4; lastKnownFileType = sourcecode.c.objc; name = RFSRVResolver.m; path = "../../../svn/googlecode/xmppframework-read-only/RFSRVResolver.m"; sourceTree = SOURCE_ROOT; };
		AE2B0FB41234ED170028D2D1 /* libresolv.dylib */ = {isa = PBXFileReference; lastKnownFileType = "compiled.mach-o.dylib"; name = libresolv.dylib; path = usr/lib/libresolv.dylib; sourceTree = SDKROOT; };
		AE2B1610123A125E0028D2D1 /* LiveTextView.h */ = {isa = PBXFileReference; fileEncoding = 4; lastKnownFileType = sourcecode.c.h; path = LiveTextView.h; sourceTree = "<group>"; };
		AE2B1611123A125E0028D2D1 /* LiveTextView.m */ = {isa = PBXFileReference; fileEncoding = 4; lastKnownFileType = sourcecode.c.objc; path = LiveTextView.m; sourceTree = "<group>"; };
		AE2B1AF6123E1CEE0028D2D1 /* XMPPPubSub.h */ = {isa = PBXFileReference; fileEncoding = 4; lastKnownFileType = sourcecode.c.h; path = XMPPPubSub.h; sourceTree = "<group>"; };
		AE2B1AF7123E1CEE0028D2D1 /* XMPPPubSub.m */ = {isa = PBXFileReference; fileEncoding = 4; lastKnownFileType = sourcecode.c.objc; path = XMPPPubSub.m; sourceTree = "<group>"; };
		AE333BBA0EF798740077A647 /* WebKit.framework */ = {isa = PBXFileReference; lastKnownFileType = wrapper.framework; name = WebKit.framework; path = /System/Library/Frameworks/WebKit.framework; sourceTree = "<absolute>"; };
		AE333BDB0EF79B4B0077A647 /* Defaults.plist */ = {isa = PBXFileReference; fileEncoding = 4; lastKnownFileType = text.plist.xml; path = Defaults.plist; sourceTree = "<group>"; };
		AE3FF51B0F7A1F4B006C8B21 /* Credits.rtf */ = {isa = PBXFileReference; lastKnownFileType = text.rtf; path = Credits.rtf; sourceTree = "<group>"; };
		AE49A8FF11AE65C90049C993 /* aod.html */ = {isa = PBXFileReference; fileEncoding = 4; lastKnownFileType = text.html; path = aod.html; sourceTree = "<group>"; wrapsLines = 1; };
		AE49AA1411AEF8C90049C993 /* JSON.h */ = {isa = PBXFileReference; fileEncoding = 4; lastKnownFileType = sourcecode.c.h; path = JSON.h; sourceTree = "<group>"; };
		AE49AA1511AEF8C90049C993 /* NSObject+SBJSON.h */ = {isa = PBXFileReference; fileEncoding = 4; lastKnownFileType = sourcecode.c.h; path = "NSObject+SBJSON.h"; sourceTree = "<group>"; };
		AE49AA1611AEF8C90049C993 /* NSObject+SBJSON.m */ = {isa = PBXFileReference; fileEncoding = 4; lastKnownFileType = sourcecode.c.objc; path = "NSObject+SBJSON.m"; sourceTree = "<group>"; };
		AE49AA1711AEF8C90049C993 /* NSString+SBJSON.h */ = {isa = PBXFileReference; fileEncoding = 4; lastKnownFileType = sourcecode.c.h; path = "NSString+SBJSON.h"; sourceTree = "<group>"; };
		AE49AA1811AEF8C90049C993 /* NSString+SBJSON.m */ = {isa = PBXFileReference; fileEncoding = 4; lastKnownFileType = sourcecode.c.objc; path = "NSString+SBJSON.m"; sourceTree = "<group>"; };
		AE49AA1911AEF8C90049C993 /* SBJSON.h */ = {isa = PBXFileReference; fileEncoding = 4; lastKnownFileType = sourcecode.c.h; path = SBJSON.h; sourceTree = "<group>"; };
		AE49AA1A11AEF8C90049C993 /* SBJSON.m */ = {isa = PBXFileReference; fileEncoding = 4; lastKnownFileType = sourcecode.c.objc; path = SBJSON.m; sourceTree = "<group>"; };
		AE49AA1B11AEF8C90049C993 /* SBJsonBase.h */ = {isa = PBXFileReference; fileEncoding = 4; lastKnownFileType = sourcecode.c.h; path = SBJsonBase.h; sourceTree = "<group>"; };
		AE49AA1C11AEF8C90049C993 /* SBJsonBase.m */ = {isa = PBXFileReference; fileEncoding = 4; lastKnownFileType = sourcecode.c.objc; path = SBJsonBase.m; sourceTree = "<group>"; };
		AE49AA1D11AEF8C90049C993 /* SBJsonParser.h */ = {isa = PBXFileReference; fileEncoding = 4; lastKnownFileType = sourcecode.c.h; path = SBJsonParser.h; sourceTree = "<group>"; };
		AE49AA1E11AEF8C90049C993 /* SBJsonParser.m */ = {isa = PBXFileReference; fileEncoding = 4; lastKnownFileType = sourcecode.c.objc; path = SBJsonParser.m; sourceTree = "<group>"; };
		AE49AA1F11AEF8C90049C993 /* SBJsonWriter.h */ = {isa = PBXFileReference; fileEncoding = 4; lastKnownFileType = sourcecode.c.h; path = SBJsonWriter.h; sourceTree = "<group>"; };
		AE49AA2011AEF8C90049C993 /* SBJsonWriter.m */ = {isa = PBXFileReference; fileEncoding = 4; lastKnownFileType = sourcecode.c.objc; path = SBJsonWriter.m; sourceTree = "<group>"; };
		AE49AA3511AEFA1B0049C993 /* BBCSchedule.h */ = {isa = PBXFileReference; fileEncoding = 4; lastKnownFileType = sourcecode.c.h; path = BBCSchedule.h; sourceTree = "<group>"; };
		AE49AA3611AEFA1B0049C993 /* BBCSchedule.m */ = {isa = PBXFileReference; fileEncoding = 4; lastKnownFileType = sourcecode.c.objc; path = BBCSchedule.m; sourceTree = "<group>"; };
		AE49AA3811AEFA320049C993 /* BBCBroadcast.h */ = {isa = PBXFileReference; fileEncoding = 4; lastKnownFileType = sourcecode.c.h; path = BBCBroadcast.h; sourceTree = "<group>"; };
		AE49AA3911AEFA320049C993 /* BBCBroadcast.m */ = {isa = PBXFileReference; fileEncoding = 4; lastKnownFileType = sourcecode.c.objc; path = BBCBroadcast.m; sourceTree = "<group>"; };
		AE49AA3B11AEFA460049C993 /* BBCService.h */ = {isa = PBXFileReference; fileEncoding = 4; lastKnownFileType = sourcecode.c.h; path = BBCService.h; sourceTree = "<group>"; };
		AE49AA3C11AEFA460049C993 /* BBCService.m */ = {isa = PBXFileReference; fileEncoding = 4; lastKnownFileType = sourcecode.c.objc; path = BBCService.m; sourceTree = "<group>"; };
		AE49ADC711B14C0E0049C993 /* ISO8601DateFormatter.h */ = {isa = PBXFileReference; fileEncoding = 4; lastKnownFileType = sourcecode.c.h; path = ISO8601DateFormatter.h; sourceTree = "<group>"; };
		AE49ADC811B14C0E0049C993 /* ISO8601DateFormatter.m */ = {isa = PBXFileReference; fileEncoding = 4; lastKnownFileType = sourcecode.c.objc; path = ISO8601DateFormatter.m; sourceTree = "<group>"; };
		AE49ADCA11B14C3C0049C993 /* GDataHTTPFetcher.h */ = {isa = PBXFileReference; fileEncoding = 4; lastKnownFileType = sourcecode.c.h; path = GDataHTTPFetcher.h; sourceTree = "<group>"; };
		AE49ADCB11B14C3C0049C993 /* GDataHTTPFetcher.m */ = {isa = PBXFileReference; fileEncoding = 4; lastKnownFileType = sourcecode.c.objc; path = GDataHTTPFetcher.m; sourceTree = "<group>"; };
		AE5E3C9312477ACC00C15403 /* Scrobble.h */ = {isa = PBXFileReference; fileEncoding = 4; lastKnownFileType = sourcecode.c.h; path = Scrobble.h; sourceTree = "<group>"; };
		AE5E3C9412477ACC00C15403 /* Scrobble.m */ = {isa = PBXFileReference; fileEncoding = 4; lastKnownFileType = sourcecode.c.objc; path = Scrobble.m; sourceTree = "<group>"; };
		AE5E4258124AA3AF00C15403 /* lastFM.png */ = {isa = PBXFileReference; lastKnownFileType = image.png; path = lastFM.png; sourceTree = "<group>"; };
		AE5E4405124D0F7900C15403 /* settings.h */ = {isa = PBXFileReference; fileEncoding = 4; lastKnownFileType = sourcecode.c.h; name = settings.h; path = ../../../../configs/settings.h; sourceTree = SOURCE_ROOT; };
		AE630BAB0F1CDC7200905968 /* radio_icon.icns */ = {isa = PBXFileReference; lastKnownFileType = image.icns; path = radio_icon.icns; sourceTree = "<group>"; };
		AE6966590EF6AC0300B029FE /* MainWindowController.h */ = {isa = PBXFileReference; fileEncoding = 4; lastKnownFileType = sourcecode.c.h; path = MainWindowController.h; sourceTree = "<group>"; };
		AE69665A0EF6AC0300B029FE /* MainWindowController.m */ = {isa = PBXFileReference; fileEncoding = 4; lastKnownFileType = sourcecode.c.objc; path = MainWindowController.m; sourceTree = "<group>"; };
		AE69666F0EF6AD1800B029FE /* EmpViewController.h */ = {isa = PBXFileReference; fileEncoding = 4; lastKnownFileType = sourcecode.c.h; path = EmpViewController.h; sourceTree = "<group>"; };
		AE6966700EF6AD1800B029FE /* EmpViewController.m */ = {isa = PBXFileReference; fileEncoding = 4; lastKnownFileType = sourcecode.c.objc; path = EmpViewController.m; sourceTree = "<group>"; };
		AE6966850EF6AE9700B029FE /* MainWindow.xib */ = {isa = PBXFileReference; lastKnownFileType = file.xib; path = MainWindow.xib; sourceTree = "<group>"; };
		AE69668E0EF6AF3D00B029FE /* EmpView.xib */ = {isa = PBXFileReference; lastKnownFileType = file.xib; path = EmpView.xib; sourceTree = "<group>"; };
		AE73A0020EF950EA00AB9578 /* Growl Registration Ticket.growlRegDict */ = {isa = PBXFileReference; fileEncoding = 4; lastKnownFileType = text.xml; path = "Growl Registration Ticket.growlRegDict"; sourceTree = "<group>"; };
		AE73A04B0EF957A200AB9578 /* Growl.framework */ = {isa = PBXFileReference; lastKnownFileType = wrapper.framework; path = Growl.framework; sourceTree = "<group>"; };
		AE759FFE11CA698800A12D3B /* AppDelegate.h */ = {isa = PBXFileReference; fileEncoding = 4; lastKnownFileType = sourcecode.c.h; path = AppDelegate.h; sourceTree = "<group>"; };
		AE759FFF11CA698800A12D3B /* AppDelegate.m */ = {isa = PBXFileReference; fileEncoding = 4; lastKnownFileType = sourcecode.c.objc; path = AppDelegate.m; sourceTree = "<group>"; };
		AE801A3911F6D41D00C914F4 /* XMPPAdHocCommands.h */ = {isa = PBXFileReference; fileEncoding = 4; lastKnownFileType = sourcecode.c.h; path = XMPPAdHocCommands.h; sourceTree = "<group>"; };
		AE801A3A11F6D41D00C914F4 /* XMPPAdHocCommands.m */ = {isa = PBXFileReference; fileEncoding = 4; lastKnownFileType = sourcecode.c.objc; path = XMPPAdHocCommands.m; sourceTree = "<group>"; };
		AE85749C11CBA7B600691F4B /* SSCrypto.h */ = {isa = PBXFileReference; fileEncoding = 4; lastKnownFileType = sourcecode.c.h; name = SSCrypto.h; path = "../../../svn/googlecode/xmppframework-read-only/SSCrypto.h"; sourceTree = SOURCE_ROOT; };
		AE85749D11CBA7B600691F4B /* SSCrypto.m */ = {isa = PBXFileReference; fileEncoding = 4; lastKnownFileType = sourcecode.c.objc; name = SSCrypto.m; path = "../../../svn/googlecode/xmppframework-read-only/SSCrypto.m"; sourceTree = SOURCE_ROOT; };
		AE85749F11CBA7B600691F4B /* AsyncSocket.h */ = {isa = PBXFileReference; fileEncoding = 4; lastKnownFileType = sourcecode.c.h; name = AsyncSocket.h; path = "../../../svn/googlecode/xmppframework-read-only/AsyncSocket.h"; sourceTree = SOURCE_ROOT; };
		AE8574A011CBA7B600691F4B /* AsyncSocket.m */ = {isa = PBXFileReference; fileEncoding = 4; lastKnownFileType = sourcecode.c.objc; name = AsyncSocket.m; path = "../../../svn/googlecode/xmppframework-read-only/AsyncSocket.m"; sourceTree = SOURCE_ROOT; };
		AE8574A311CBA7B600691F4B /* NSXMLElementAdditions.h */ = {isa = PBXFileReference; fileEncoding = 4; lastKnownFileType = sourcecode.c.h; name = NSXMLElementAdditions.h; path = "../../../svn/googlecode/xmppframework-read-only/NSXMLElementAdditions.h"; sourceTree = SOURCE_ROOT; };
		AE8574A411CBA7B600691F4B /* NSXMLElementAdditions.m */ = {isa = PBXFileReference; fileEncoding = 4; lastKnownFileType = sourcecode.c.objc; name = NSXMLElementAdditions.m; path = "../../../svn/googlecode/xmppframework-read-only/NSXMLElementAdditions.m"; sourceTree = SOURCE_ROOT; };
		AE8574A511CBA7B600691F4B /* NSDataAdditions.h */ = {isa = PBXFileReference; fileEncoding = 4; lastKnownFileType = sourcecode.c.h; name = NSDataAdditions.h; path = "../../../svn/googlecode/xmppframework-read-only/NSDataAdditions.h"; sourceTree = SOURCE_ROOT; };
		AE8574A611CBA7B600691F4B /* NSDataAdditions.m */ = {isa = PBXFileReference; fileEncoding = 4; lastKnownFileType = sourcecode.c.objc; name = NSDataAdditions.m; path = "../../../svn/googlecode/xmppframework-read-only/NSDataAdditions.m"; sourceTree = SOURCE_ROOT; };
		AE8574A811CBA7B600691F4B /* MulticastDelegate.h */ = {isa = PBXFileReference; fileEncoding = 4; lastKnownFileType = sourcecode.c.h; name = MulticastDelegate.h; path = "../../../svn/googlecode/xmppframework-read-only/MulticastDelegate.h"; sourceTree = SOURCE_ROOT; };
		AE8574A911CBA7B600691F4B /* MulticastDelegate.m */ = {isa = PBXFileReference; fileEncoding = 4; lastKnownFileType = sourcecode.c.objc; name = MulticastDelegate.m; path = "../../../svn/googlecode/xmppframework-read-only/MulticastDelegate.m"; sourceTree = SOURCE_ROOT; };
		AE8574AA11CBA7B600691F4B /* LibIDN.h */ = {isa = PBXFileReference; fileEncoding = 4; lastKnownFileType = sourcecode.c.h; name = LibIDN.h; path = "../../../svn/googlecode/xmppframework-read-only/LibIDN.h"; sourceTree = SOURCE_ROOT; };
		AE8574AB11CBA7B600691F4B /* LibIDN.m */ = {isa = PBXFileReference; fileEncoding = 4; lastKnownFileType = sourcecode.c.objc; name = LibIDN.m; path = "../../../svn/googlecode/xmppframework-read-only/LibIDN.m"; sourceTree = SOURCE_ROOT; };
		AE8574AC11CBA7B600691F4B /* idn-int.h */ = {isa = PBXFileReference; fileEncoding = 4; lastKnownFileType = sourcecode.c.h; name = "idn-int.h"; path = "../../../svn/googlecode/xmppframework-read-only/libidn/idn-int.h"; sourceTree = SOURCE_ROOT; };
		AE8574AD11CBA7B600691F4B /* stringprep.h */ = {isa = PBXFileReference; fileEncoding = 4; lastKnownFileType = sourcecode.c.h; name = stringprep.h; path = "../../../svn/googlecode/xmppframework-read-only/libidn/stringprep.h"; sourceTree = SOURCE_ROOT; };
		AE8574AF11CBA7B600691F4B /* XMPP.h */ = {isa = PBXFileReference; fileEncoding = 4; lastKnownFileType = sourcecode.c.h; name = XMPP.h; path = "../../../svn/googlecode/xmppframework-read-only/XMPP.h"; sourceTree = SOURCE_ROOT; };
		AE8574B011CBA7B600691F4B /* XMPPParser.h */ = {isa = PBXFileReference; fileEncoding = 4; lastKnownFileType = sourcecode.c.h; name = XMPPParser.h; path = "../../../svn/googlecode/xmppframework-read-only/XMPPParser.h"; sourceTree = SOURCE_ROOT; };
		AE8574B111CBA7B600691F4B /* XMPPParser.m */ = {isa = PBXFileReference; fileEncoding = 4; lastKnownFileType = sourcecode.c.objc; name = XMPPParser.m; path = "../../../svn/googlecode/xmppframework-read-only/XMPPParser.m"; sourceTree = SOURCE_ROOT; };
		AE8574B211CBA7B600691F4B /* XMPPStream.h */ = {isa = PBXFileReference; fileEncoding = 4; lastKnownFileType = sourcecode.c.h; name = XMPPStream.h; path = "../../../svn/googlecode/xmppframework-read-only/XMPPStream.h"; sourceTree = SOURCE_ROOT; };
		AE8574B311CBA7B600691F4B /* XMPPStream.m */ = {isa = PBXFileReference; fileEncoding = 4; lastKnownFileType = sourcecode.c.objc; name = XMPPStream.m; path = "../../../svn/googlecode/xmppframework-read-only/XMPPStream.m"; sourceTree = SOURCE_ROOT; };
		AE8574B411CBA7B600691F4B /* XMPPJID.h */ = {isa = PBXFileReference; fileEncoding = 4; lastKnownFileType = sourcecode.c.h; name = XMPPJID.h; path = "../../../svn/googlecode/xmppframework-read-only/XMPPJID.h"; sourceTree = SOURCE_ROOT; };
		AE8574B511CBA7B600691F4B /* XMPPJID.m */ = {isa = PBXFileReference; fileEncoding = 4; lastKnownFileType = sourcecode.c.objc; name = XMPPJID.m; path = "../../../svn/googlecode/xmppframework-read-only/XMPPJID.m"; sourceTree = SOURCE_ROOT; };
		AE8574B611CBA7B600691F4B /* XMPPElement.h */ = {isa = PBXFileReference; fileEncoding = 4; lastKnownFileType = sourcecode.c.h; name = XMPPElement.h; path = "../../../svn/googlecode/xmppframework-read-only/XMPPElement.h"; sourceTree = SOURCE_ROOT; };
		AE8574B711CBA7B600691F4B /* XMPPElement.m */ = {isa = PBXFileReference; fileEncoding = 4; lastKnownFileType = sourcecode.c.objc; name = XMPPElement.m; path = "../../../svn/googlecode/xmppframework-read-only/XMPPElement.m"; sourceTree = SOURCE_ROOT; };
		AE8574B811CBA7B600691F4B /* XMPPIQ.h */ = {isa = PBXFileReference; fileEncoding = 4; lastKnownFileType = sourcecode.c.h; name = XMPPIQ.h; path = "../../../svn/googlecode/xmppframework-read-only/XMPPIQ.h"; sourceTree = SOURCE_ROOT; };
		AE8574B911CBA7B600691F4B /* XMPPIQ.m */ = {isa = PBXFileReference; fileEncoding = 4; lastKnownFileType = sourcecode.c.objc; name = XMPPIQ.m; path = "../../../svn/googlecode/xmppframework-read-only/XMPPIQ.m"; sourceTree = SOURCE_ROOT; };
		AE8574BA11CBA7B600691F4B /* XMPPMessage.h */ = {isa = PBXFileReference; fileEncoding = 4; lastKnownFileType = sourcecode.c.h; name = XMPPMessage.h; path = "../../../svn/googlecode/xmppframework-read-only/XMPPMessage.h"; sourceTree = SOURCE_ROOT; };
		AE8574BB11CBA7B600691F4B /* XMPPMessage.m */ = {isa = PBXFileReference; fileEncoding = 4; lastKnownFileType = sourcecode.c.objc; name = XMPPMessage.m; path = "../../../svn/googlecode/xmppframework-read-only/XMPPMessage.m"; sourceTree = SOURCE_ROOT; };
		AE8574BC11CBA7B600691F4B /* XMPPPresence.h */ = {isa = PBXFileReference; fileEncoding = 4; lastKnownFileType = sourcecode.c.h; name = XMPPPresence.h; path = "../../../svn/googlecode/xmppframework-read-only/XMPPPresence.h"; sourceTree = SOURCE_ROOT; };
		AE8574BD11CBA7B600691F4B /* XMPPPresence.m */ = {isa = PBXFileReference; fileEncoding = 4; lastKnownFileType = sourcecode.c.objc; name = XMPPPresence.m; path = "../../../svn/googlecode/xmppframework-read-only/XMPPPresence.m"; sourceTree = SOURCE_ROOT; };
		AE8574BE11CBA7B600691F4B /* XMPPReconnect.h */ = {isa = PBXFileReference; fileEncoding = 4; lastKnownFileType = sourcecode.c.h; name = XMPPReconnect.h; path = "../../../svn/googlecode/xmppframework-read-only/XMPPReconnect.h"; sourceTree = SOURCE_ROOT; };
		AE8574BF11CBA7B600691F4B /* XMPPReconnect.m */ = {isa = PBXFileReference; fileEncoding = 4; lastKnownFileType = sourcecode.c.objc; name = XMPPReconnect.m; path = "../../../svn/googlecode/xmppframework-read-only/XMPPReconnect.m"; sourceTree = SOURCE_ROOT; };
		AE8574C011CBA7B600691F4B /* XMPPModule.h */ = {isa = PBXFileReference; fileEncoding = 4; lastKnownFileType = sourcecode.c.h; name = XMPPModule.h; path = "../../../svn/googlecode/xmppframework-read-only/XMPPModule.h"; sourceTree = SOURCE_ROOT; };
		AE8574C111CBA7B600691F4B /* XMPPModule.m */ = {isa = PBXFileReference; fileEncoding = 4; lastKnownFileType = sourcecode.c.objc; name = XMPPModule.m; path = "../../../svn/googlecode/xmppframework-read-only/XMPPModule.m"; sourceTree = SOURCE_ROOT; };
		AE8574C311CBA7B600691F4B /* XMPPRoster.h */ = {isa = PBXFileReference; fileEncoding = 4; lastKnownFileType = sourcecode.c.h; name = XMPPRoster.h; path = "../../../svn/googlecode/xmppframework-read-only/XMPPRoster.h"; sourceTree = SOURCE_ROOT; };
		AE8574C411CBA7B600691F4B /* XMPPRoster.m */ = {isa = PBXFileReference; fileEncoding = 4; lastKnownFileType = sourcecode.c.objc; name = XMPPRoster.m; path = "../../../svn/googlecode/xmppframework-read-only/XMPPRoster.m"; sourceTree = SOURCE_ROOT; };
		AE8574C511CBA7B600691F4B /* XMPPUser.h */ = {isa = PBXFileReference; fileEncoding = 4; lastKnownFileType = sourcecode.c.h; name = XMPPUser.h; path = "../../../svn/googlecode/xmppframework-read-only/XMPPUser.h"; sourceTree = SOURCE_ROOT; };
		AE8574C611CBA7B600691F4B /* XMPPResource.h */ = {isa = PBXFileReference; fileEncoding = 4; lastKnownFileType = sourcecode.c.h; name = XMPPResource.h; path = "../../../svn/googlecode/xmppframework-read-only/XMPPResource.h"; sourceTree = SOURCE_ROOT; };
		AE8574C811CBA7B600691F4B /* XMPPRosterPrivate.h */ = {isa = PBXFileReference; fileEncoding = 4; lastKnownFileType = sourcecode.c.h; name = XMPPRosterPrivate.h; path = "../../../svn/googlecode/xmppframework-read-only/XMPPRosterPrivate.h"; sourceTree = SOURCE_ROOT; };
		AE8574CA11CBA7B600691F4B /* XMPPRosterMemoryStorage.h */ = {isa = PBXFileReference; fileEncoding = 4; lastKnownFileType = sourcecode.c.h; name = XMPPRosterMemoryStorage.h; path = "../../../svn/googlecode/xmppframework-read-only/XMPPRosterMemoryStorage.h"; sourceTree = SOURCE_ROOT; };
		AE8574CB11CBA7B600691F4B /* XMPPRosterMemoryStorage.m */ = {isa = PBXFileReference; fileEncoding = 4; lastKnownFileType = sourcecode.c.objc; name = XMPPRosterMemoryStorage.m; path = "../../../svn/googlecode/xmppframework-read-only/XMPPRosterMemoryStorage.m"; sourceTree = SOURCE_ROOT; };
		AE8574CC11CBA7B600691F4B /* XMPPUserMemoryStorage.h */ = {isa = PBXFileReference; fileEncoding = 4; lastKnownFileType = sourcecode.c.h; name = XMPPUserMemoryStorage.h; path = "../../../svn/googlecode/xmppframework-read-only/XMPPUserMemoryStorage.h"; sourceTree = SOURCE_ROOT; };
		AE8574CD11CBA7B600691F4B /* XMPPUserMemoryStorage.m */ = {isa = PBXFileReference; fileEncoding = 4; lastKnownFileType = sourcecode.c.objc; name = XMPPUserMemoryStorage.m; path = "../../../svn/googlecode/xmppframework-read-only/XMPPUserMemoryStorage.m"; sourceTree = SOURCE_ROOT; };
		AE8574CE11CBA7B600691F4B /* XMPPResourceMemoryStorage.h */ = {isa = PBXFileReference; fileEncoding = 4; lastKnownFileType = sourcecode.c.h; name = XMPPResourceMemoryStorage.h; path = "../../../svn/googlecode/xmppframework-read-only/XMPPResourceMemoryStorage.h"; sourceTree = SOURCE_ROOT; };
		AE8574CF11CBA7B600691F4B /* XMPPResourceMemoryStorage.m */ = {isa = PBXFileReference; fileEncoding = 4; lastKnownFileType = sourcecode.c.objc; name = XMPPResourceMemoryStorage.m; path = "../../../svn/googlecode/xmppframework-read-only/XMPPResourceMemoryStorage.m"; sourceTree = SOURCE_ROOT; };
		AE8574D211CBA7B600691F4B /* DDLog.h */ = {isa = PBXFileReference; fileEncoding = 4; lastKnownFileType = sourcecode.c.h; name = DDLog.h; path = "../../../svn/googlecode/xmppframework-read-only/DDLog.h"; sourceTree = SOURCE_ROOT; };
		AE8574D311CBA7B600691F4B /* DDNumber.h */ = {isa = PBXFileReference; fileEncoding = 4; lastKnownFileType = sourcecode.c.h; name = DDNumber.h; path = "../../../svn/googlecode/xmppframework-read-only/DDNumber.h"; sourceTree = SOURCE_ROOT; };
		AE8574D411CBA7B600691F4B /* DDNumber.m */ = {isa = PBXFileReference; fileEncoding = 4; lastKnownFileType = sourcecode.c.objc; name = DDNumber.m; path = "../../../svn/googlecode/xmppframework-read-only/DDNumber.m"; sourceTree = SOURCE_ROOT; };
		AE8574D511CBA7B600691F4B /* TURNSocket.h */ = {isa = PBXFileReference; fileEncoding = 4; lastKnownFileType = sourcecode.c.h; name = TURNSocket.h; path = "../../../svn/googlecode/xmppframework-read-only/TURNSocket.h"; sourceTree = SOURCE_ROOT; };
		AE8574D611CBA7B600691F4B /* TURNSocket.m */ = {isa = PBXFileReference; fileEncoding = 4; lastKnownFileType = sourcecode.c.objc; name = TURNSocket.m; path = "../../../svn/googlecode/xmppframework-read-only/TURNSocket.m"; sourceTree = SOURCE_ROOT; };
		AE8574D811CBA7B600691F4B /* XMPPTransports.h */ = {isa = PBXFileReference; fileEncoding = 4; lastKnownFileType = sourcecode.c.h; name = XMPPTransports.h; path = "../../../svn/googlecode/xmppframework-read-only/XMPPTransports.h"; sourceTree = SOURCE_ROOT; };
		AE8574D911CBA7B600691F4B /* XMPPTransports.m */ = {isa = PBXFileReference; fileEncoding = 4; lastKnownFileType = sourcecode.c.objc; name = XMPPTransports.m; path = "../../../svn/googlecode/xmppframework-read-only/XMPPTransports.m"; sourceTree = SOURCE_ROOT; };
		AE8574DB11CBA7B600691F4B /* XMPPCapabilities.h */ = {isa = PBXFileReference; fileEncoding = 4; lastKnownFileType = sourcecode.c.h; name = XMPPCapabilities.h; path = "../../../svn/googlecode/xmppframework-read-only/XMPPCapabilities.h"; sourceTree = SOURCE_ROOT; };
		AE8574DC11CBA7B600691F4B /* XMPPCapabilities.m */ = {isa = PBXFileReference; fileEncoding = 4; lastKnownFileType = sourcecode.c.objc; name = XMPPCapabilities.m; path = "../../../svn/googlecode/xmppframework-read-only/XMPPCapabilities.m"; sourceTree = SOURCE_ROOT; };
		AE8574DE11CBA7B600691F4B /* XMPPCapabilitiesCoreDataStorage.h */ = {isa = PBXFileReference; fileEncoding = 4; lastKnownFileType = sourcecode.c.h; name = XMPPCapabilitiesCoreDataStorage.h; path = "../../../svn/googlecode/xmppframework-read-only/XMPPCapabilitiesCoreDataStorage.h"; sourceTree = SOURCE_ROOT; };
		AE8574DF11CBA7B600691F4B /* XMPPCapabilitiesCoreDataStorage.m */ = {isa = PBXFileReference; fileEncoding = 4; lastKnownFileType = sourcecode.c.objc; name = XMPPCapabilitiesCoreDataStorage.m; path = "../../../svn/googlecode/xmppframework-read-only/XMPPCapabilitiesCoreDataStorage.m"; sourceTree = SOURCE_ROOT; };
		AE8574E011CBA7B600691F4B /* XMPPCapabilities.xcdatamodel */ = {isa = PBXFileReference; fileEncoding = 4; lastKnownFileType = wrapper.xcdatamodel; name = XMPPCapabilities.xcdatamodel; path = "../../../svn/googlecode/xmppframework-read-only/XMPPCapabilities.xcdatamodel"; sourceTree = SOURCE_ROOT; };
		AE8574E111CBA7B600691F4B /* XMPPCapsCoreDataStorageObject.h */ = {isa = PBXFileReference; fileEncoding = 4; lastKnownFileType = sourcecode.c.h; name = XMPPCapsCoreDataStorageObject.h; path = "../../../svn/googlecode/xmppframework-read-only/XMPPCapsCoreDataStorageObject.h"; sourceTree = SOURCE_ROOT; };
		AE8574E211CBA7B600691F4B /* XMPPCapsCoreDataStorageObject.m */ = {isa = PBXFileReference; fileEncoding = 4; lastKnownFileType = sourcecode.c.objc; name = XMPPCapsCoreDataStorageObject.m; path = "../../../svn/googlecode/xmppframework-read-only/XMPPCapsCoreDataStorageObject.m"; sourceTree = SOURCE_ROOT; };
		AE8574E311CBA7B600691F4B /* XMPPCapsResourceCoreDataStorageObject.h */ = {isa = PBXFileReference; fileEncoding = 4; lastKnownFileType = sourcecode.c.h; name = XMPPCapsResourceCoreDataStorageObject.h; path = "../../../svn/googlecode/xmppframework-read-only/XMPPCapsResourceCoreDataStorageObject.h"; sourceTree = SOURCE_ROOT; };
		AE8574E411CBA7B600691F4B /* XMPPCapsResourceCoreDataStorageObject.m */ = {isa = PBXFileReference; fileEncoding = 4; lastKnownFileType = sourcecode.c.objc; name = XMPPCapsResourceCoreDataStorageObject.m; path = "../../../svn/googlecode/xmppframework-read-only/XMPPCapsResourceCoreDataStorageObject.m"; sourceTree = SOURCE_ROOT; };
		AE8574E611CBA7B600691F4B /* XMPPPing.h */ = {isa = PBXFileReference; fileEncoding = 4; lastKnownFileType = sourcecode.c.h; name = XMPPPing.h; path = "../../../svn/googlecode/xmppframework-read-only/XMPPPing.h"; sourceTree = SOURCE_ROOT; };
		AE8574E711CBA7B600691F4B /* XMPPPing.m */ = {isa = PBXFileReference; fileEncoding = 4; lastKnownFileType = sourcecode.c.objc; name = XMPPPing.m; path = "../../../svn/googlecode/xmppframework-read-only/XMPPPing.m"; sourceTree = SOURCE_ROOT; };
		AEA0B43C0EF7EFCE00137DAA /* Preferences.xib */ = {isa = PBXFileReference; lastKnownFileType = file.xib; path = Preferences.xib; sourceTree = "<group>"; };
		AEA0B4400EF7F01600137DAA /* Sparkle.framework */ = {isa = PBXFileReference; lastKnownFileType = wrapper.framework; path = Sparkle.framework; sourceTree = "<group>"; };
		AEA0B4500EF7F09400137DAA /* PreferencesWindowController.h */ = {isa = PBXFileReference; fileEncoding = 4; lastKnownFileType = sourcecode.c.h; path = PreferencesWindowController.h; sourceTree = "<group>"; };
		AEA0B4510EF7F09400137DAA /* PreferencesWindowController.m */ = {isa = PBXFileReference; fileEncoding = 4; lastKnownFileType = sourcecode.c.objc; path = PreferencesWindowController.m; sourceTree = "<group>"; };
		AEA0B4870EF7F3C900137DAA /* dsa_pub.pem */ = {isa = PBXFileReference; fileEncoding = 4; lastKnownFileType = text; path = dsa_pub.pem; sourceTree = "<group>"; };
		AEA67EB6125A0BE30038B4C7 /* HistoryWindowController.h */ = {isa = PBXFileReference; fileEncoding = 4; lastKnownFileType = sourcecode.c.h; path = HistoryWindowController.h; sourceTree = "<group>"; };
		AEA67EB7125A0BE30038B4C7 /* HistoryWindowController.m */ = {isa = PBXFileReference; fileEncoding = 4; lastKnownFileType = sourcecode.c.objc; path = HistoryWindowController.m; sourceTree = "<group>"; };
		AEA67EB9125A0C6B0038B4C7 /* History.xib */ = {isa = PBXFileReference; lastKnownFileType = file.xib; path = History.xib; sourceTree = "<group>"; };
		AEA68037125A2DA90038B4C7 /* MyCell.h */ = {isa = PBXFileReference; fileEncoding = 4; lastKnownFileType = sourcecode.c.h; path = MyCell.h; sourceTree = "<group>"; };
		AEA68038125A2DA90038B4C7 /* MyCell.m */ = {isa = PBXFileReference; fileEncoding = 4; lastKnownFileType = sourcecode.c.objc; path = MyCell.m; sourceTree = "<group>"; };
		AEA685CC125C76660038B4C7 /* Play.h */ = {isa = PBXFileReference; fileEncoding = 4; lastKnownFileType = sourcecode.c.h; path = Play.h; sourceTree = "<group>"; };
		AEA685CD125C76660038B4C7 /* Play.m */ = {isa = PBXFileReference; fileEncoding = 4; lastKnownFileType = sourcecode.c.objc; path = Play.m; sourceTree = "<group>"; };
		AEC16F1F0F68334800A38C90 /* DockView.h */ = {isa = PBXFileReference; fileEncoding = 4; lastKnownFileType = sourcecode.c.h; path = DockView.h; sourceTree = "<group>"; };
		AEC16F200F68334800A38C90 /* DockView.m */ = {isa = PBXFileReference; fileEncoding = 4; lastKnownFileType = sourcecode.c.objc; path = DockView.m; sourceTree = "<group>"; };
		AEDD16960F0BEFF3009F81AD /* 1xtra.png */ = {isa = PBXFileReference; lastKnownFileType = image.png; path = 1xtra.png; sourceTree = "<group>"; };
		AEDD16970F0BEFF3009F81AD /* 5livesportsextra.png */ = {isa = PBXFileReference; lastKnownFileType = image.png; path = 5livesportsextra.png; sourceTree = "<group>"; };
		AEDD16980F0BEFF3009F81AD /* 6music.png */ = {isa = PBXFileReference; lastKnownFileType = image.png; path = 6music.png; sourceTree = "<group>"; };
		AEDD16990F0BEFF4009F81AD /* asiannetwork.png */ = {isa = PBXFileReference; lastKnownFileType = image.png; path = asiannetwork.png; sourceTree = "<group>"; };
		AEDD169A0F0BEFF4009F81AD /* radio7.png */ = {isa = PBXFileReference; lastKnownFileType = image.png; path = radio7.png; sourceTree = "<group>"; };
		AEDD169B0F0BEFF4009F81AD /* fivelive.png */ = {isa = PBXFileReference; lastKnownFileType = image.png; path = fivelive.png; sourceTree = "<group>"; };
		AEDD169C0F0BEFF4009F81AD /* radio1.png */ = {isa = PBXFileReference; lastKnownFileType = image.png; path = radio1.png; sourceTree = "<group>"; };
		AEDD169D0F0BEFF4009F81AD /* radio2.png */ = {isa = PBXFileReference; lastKnownFileType = image.png; path = radio2.png; sourceTree = "<group>"; };
		AEDD169E0F0BEFF4009F81AD /* radio3.png */ = {isa = PBXFileReference; lastKnownFileType = image.png; path = radio3.png; sourceTree = "<group>"; };
		AEDD169F0F0BEFF4009F81AD /* radio4.png */ = {isa = PBXFileReference; lastKnownFileType = image.png; path = radio4.png; sourceTree = "<group>"; };
		AEDD16A00F0BEFF4009F81AD /* worldservice.png */ = {isa = PBXFileReference; lastKnownFileType = image.png; path = worldservice.png; sourceTree = "<group>"; };
		AEE2780811CA503F008D9EC3 /* libidn.a */ = {isa = PBXFileReference; lastKnownFileType = archive.ar; name = libidn.a; path = libidn/libidn.a; sourceTree = "<group>"; };
		AEE2780A11CA5099008D9EC3 /* libxml2.dylib */ = {isa = PBXFileReference; lastKnownFileType = "compiled.mach-o.dylib"; name = libxml2.dylib; path = usr/lib/libxml2.dylib; sourceTree = SDKROOT; };
		AEE2780C11CA50A1008D9EC3 /* SystemConfiguration.framework */ = {isa = PBXFileReference; lastKnownFileType = wrapper.framework; name = SystemConfiguration.framework; path = System/Library/Frameworks/SystemConfiguration.framework; sourceTree = SDKROOT; };
		AEE2780E11CA50A9008D9EC3 /* libcrypto.dylib */ = {isa = PBXFileReference; lastKnownFileType = "compiled.mach-o.dylib"; name = libcrypto.dylib; path = /usr/lib/libcrypto.dylib; sourceTree = "<absolute>"; };
		AEE2781B11CA5248008D9EC3 /* DRNSString-Utilities.h */ = {isa = PBXFileReference; fileEncoding = 4; lastKnownFileType = sourcecode.c.h; path = "DRNSString-Utilities.h"; sourceTree = "<group>"; };
		AEE2781C11CA5248008D9EC3 /* DRNSString-Utilities.m */ = {isa = PBXFileReference; fileEncoding = 4; lastKnownFileType = sourcecode.c.objc; path = "DRNSString-Utilities.m"; sourceTree = "<group>"; };
/* End PBXFileReference section */

/* Begin PBXFrameworksBuildPhase section */
		8D11072E0486CEB800E47090 /* Frameworks */ = {
			isa = PBXFrameworksBuildPhase;
			buildActionMask = 2147483647;
			files = (
				8D11072F0486CEB800E47090 /* Cocoa.framework in Frameworks */,
				AE333BBB0EF798740077A647 /* WebKit.framework in Frameworks */,
				AEA0B4410EF7F01600137DAA /* Sparkle.framework in Frameworks */,
				AE73A04C0EF957A200AB9578 /* Growl.framework in Frameworks */,
				AEE2780911CA503F008D9EC3 /* libidn.a in Frameworks */,
				AEE2780B11CA5099008D9EC3 /* libxml2.dylib in Frameworks */,
				AEE2780D11CA50A1008D9EC3 /* SystemConfiguration.framework in Frameworks */,
				AEE2780F11CA50A9008D9EC3 /* libcrypto.dylib in Frameworks */,
				AE2B0FB51234ED170028D2D1 /* libresolv.dylib in Frameworks */,
			);
			runOnlyForDeploymentPostprocessing = 0;
		};
/* End PBXFrameworksBuildPhase section */

/* Begin PBXGroup section */
		080E96DDFE201D6D7F000001 /* Controllers */ = {
			isa = PBXGroup;
			children = (
				AE759FFE11CA698800A12D3B /* AppDelegate.h */,
				AE759FFF11CA698800A12D3B /* AppDelegate.m */,
				AE6966590EF6AC0300B029FE /* MainWindowController.h */,
				AE69665A0EF6AC0300B029FE /* MainWindowController.m */,
				AE69666F0EF6AD1800B029FE /* EmpViewController.h */,
				AE6966700EF6AD1800B029FE /* EmpViewController.m */,
				AEA0B4500EF7F09400137DAA /* PreferencesWindowController.h */,
				AEA0B4510EF7F09400137DAA /* PreferencesWindowController.m */,
				AEA67EB6125A0BE30038B4C7 /* HistoryWindowController.h */,
				AEA67EB7125A0BE30038B4C7 /* HistoryWindowController.m */,
			);
			name = Controllers;
			sourceTree = "<group>";
		};
		1058C7A0FEA54F0111CA2CBB /* Linked Frameworks */ = {
			isa = PBXGroup;
			children = (
				1058C7A1FEA54F0111CA2CBB /* Cocoa.framework */,
				AEE2780C11CA50A1008D9EC3 /* SystemConfiguration.framework */,
				AEE2780E11CA50A9008D9EC3 /* libcrypto.dylib */,
				AEE2780A11CA5099008D9EC3 /* libxml2.dylib */,
				AEE2780811CA503F008D9EC3 /* libidn.a */,
				AE2B0FB41234ED170028D2D1 /* libresolv.dylib */,
				AE73A04B0EF957A200AB9578 /* Growl.framework */,
				AEA0B4400EF7F01600137DAA /* Sparkle.framework */,
			);
			name = "Linked Frameworks";
			sourceTree = "<group>";
		};
		1058C7A2FEA54F0111CA2CBB /* Other Frameworks */ = {
			isa = PBXGroup;
			children = (
				AE333BBA0EF798740077A647 /* WebKit.framework */,
				29B97324FDCFA39411CA2CEA /* AppKit.framework */,
				29B97325FDCFA39411CA2CEA /* Foundation.framework */,
			);
			name = "Other Frameworks";
			sourceTree = "<group>";
		};
		19C28FACFE9D520D11CA2CBB /* Products */ = {
			isa = PBXGroup;
			children = (
				8D1107320486CEB800E47090 /* RadioAunty.app */,
			);
			name = Products;
			sourceTree = "<group>";
		};
		29B97314FDCFA39411CA2CEA /* Radio */ = {
			isa = PBXGroup;
			children = (
				AE5E3C8812475FE200C15403 /* Libraries */,
				AE71F9F50F694D1A00577A56 /* Settings */,
				AEDD16C40F0BF062009F81AD /* Images */,
				AEA0B0F40EF7B44600137DAA /* Views */,
				080E96DDFE201D6D7F000001 /* Controllers */,
				29B97315FDCFA39411CA2CEA /* Other Sources */,
				29B97317FDCFA39411CA2CEA /* Resources */,
				29B97323FDCFA39411CA2CEA /* Frameworks */,
				19C28FACFE9D520D11CA2CBB /* Products */,
			);
			name = Radio;
			sourceTree = "<group>";
		};
		29B97315FDCFA39411CA2CEA /* Other Sources */ = {
			isa = PBXGroup;
			children = (
				32CA4F630368D1EE00C91783 /* Radio_Prefix.pch */,
				29B97316FDCFA39411CA2CEA /* main.m */,
			);
			name = "Other Sources";
			sourceTree = "<group>";
		};
		29B97317FDCFA39411CA2CEA /* Resources */ = {
			isa = PBXGroup;
			children = (
				AE630BAB0F1CDC7200905968 /* radio_icon.icns */,
				AE1BFB920F173B8A006ED3DF /* live.html */,
				AE49A8FF11AE65C90049C993 /* aod.html */,
				AEA0B4870EF7F3C900137DAA /* dsa_pub.pem */,
				AE333BDB0EF79B4B0077A647 /* Defaults.plist */,
				8D1107310486CEB800E47090 /* Info.plist */,
				089C165CFE840E0CC02AAC07 /* InfoPlist.strings */,
				1DDD58140DA1D0A300B32029 /* MainMenu.xib */,
				AE6966850EF6AE9700B029FE /* MainWindow.xib */,
				AE69668E0EF6AF3D00B029FE /* EmpView.xib */,
				AEA67EB9125A0C6B0038B4C7 /* History.xib */,
				AEA0B43C0EF7EFCE00137DAA /* Preferences.xib */,
				AE73A0020EF950EA00AB9578 /* Growl Registration Ticket.growlRegDict */,
				AE3FF51B0F7A1F4B006C8B21 /* Credits.rtf */,
			);
			name = Resources;
			sourceTree = "<group>";
		};
		29B97323FDCFA39411CA2CEA /* Frameworks */ = {
			isa = PBXGroup;
			children = (
				1058C7A0FEA54F0111CA2CBB /* Linked Frameworks */,
				1058C7A2FEA54F0111CA2CBB /* Other Frameworks */,
			);
			name = Frameworks;
			sourceTree = "<group>";
		};
		AE49AA1311AEF8C90049C993 /* JSON */ = {
			isa = PBXGroup;
			children = (
				AE49AA1411AEF8C90049C993 /* JSON.h */,
				AE49AA1511AEF8C90049C993 /* NSObject+SBJSON.h */,
				AE49AA1611AEF8C90049C993 /* NSObject+SBJSON.m */,
				AE49AA1711AEF8C90049C993 /* NSString+SBJSON.h */,
				AE49AA1811AEF8C90049C993 /* NSString+SBJSON.m */,
				AE49AA1911AEF8C90049C993 /* SBJSON.h */,
				AE49AA1A11AEF8C90049C993 /* SBJSON.m */,
				AE49AA1B11AEF8C90049C993 /* SBJsonBase.h */,
				AE49AA1C11AEF8C90049C993 /* SBJsonBase.m */,
				AE49AA1D11AEF8C90049C993 /* SBJsonParser.h */,
				AE49AA1E11AEF8C90049C993 /* SBJsonParser.m */,
				AE49AA1F11AEF8C90049C993 /* SBJsonWriter.h */,
				AE49AA2011AEF8C90049C993 /* SBJsonWriter.m */,
			);
			path = JSON;
			sourceTree = "<group>";
		};
		AE49AA3411AEF9FA0049C993 /* BBCProgrammes */ = {
			isa = PBXGroup;
			children = (
				AEE2781B11CA5248008D9EC3 /* DRNSString-Utilities.h */,
				AEE2781C11CA5248008D9EC3 /* DRNSString-Utilities.m */,
				AE49ADC711B14C0E0049C993 /* ISO8601DateFormatter.h */,
				AE49ADC811B14C0E0049C993 /* ISO8601DateFormatter.m */,
				AE49AA3511AEFA1B0049C993 /* BBCSchedule.h */,
				AE49AA3611AEFA1B0049C993 /* BBCSchedule.m */,
				AE49AA3811AEFA320049C993 /* BBCBroadcast.h */,
				AE49AA3911AEFA320049C993 /* BBCBroadcast.m */,
				AE49AA3B11AEFA460049C993 /* BBCService.h */,
				AE49AA3C11AEFA460049C993 /* BBCService.m */,
			);
			name = BBCProgrammes;
			sourceTree = "<group>";
		};
		AE50433812243E100000D1BC /* XEP-0060 */ = {
			isa = PBXGroup;
			children = (
				AE2B1AF6123E1CEE0028D2D1 /* XMPPPubSub.h */,
				AE2B1AF7123E1CEE0028D2D1 /* XMPPPubSub.m */,
			);
			name = "XEP-0060";
			sourceTree = "<group>";
		};
		AE5E3C8712475FC100C15403 /* Google */ = {
			isa = PBXGroup;
			children = (
				AE49ADCA11B14C3C0049C993 /* GDataHTTPFetcher.h */,
				AE49ADCB11B14C3C0049C993 /* GDataHTTPFetcher.m */,
			);
			name = Google;
			sourceTree = "<group>";
		};
		AE5E3C8812475FE200C15403 /* Libraries */ = {
			isa = PBXGroup;
			children = (
				AE5E3C9212477AB200C15403 /* lastFM */,
				AE85749B11CBA7B600691F4B /* Utilities */,
				AE49AA1311AEF8C90049C993 /* JSON */,
				AE49AA3411AEF9FA0049C993 /* BBCProgrammes */,
				AE85749E11CBA7B600691F4B /* TCP */,
				AE8574A111CBA7B600691F4B /* XMPP */,
				AE5E3C8712475FC100C15403 /* Google */,
			);
			name = Libraries;
			sourceTree = "<group>";
		};
		AE5E3C9212477AB200C15403 /* lastFM */ = {
			isa = PBXGroup;
			children = (
				AEA685CB125C681D0038B4C7 /* Models */,
				AE5E3C9312477ACC00C15403 /* Scrobble.h */,
				AE5E3C9412477ACC00C15403 /* Scrobble.m */,
			);
			name = lastFM;
			sourceTree = "<group>";
		};
		AE71F9F50F694D1A00577A56 /* Settings */ = {
			isa = PBXGroup;
			children = (
				AE5E4405124D0F7900C15403 /* settings.h */,
			);
			name = Settings;
			sourceTree = "<group>";
		};
		AE801A3811F6D3DA00C914F4 /* XEP-0050 */ = {
			isa = PBXGroup;
			children = (
				AE801A3911F6D41D00C914F4 /* XMPPAdHocCommands.h */,
				AE801A3A11F6D41D00C914F4 /* XMPPAdHocCommands.m */,
			);
			name = "XEP-0050";
			sourceTree = "<group>";
		};
		AE85749B11CBA7B600691F4B /* Utilities */ = {
			isa = PBXGroup;
			children = (
				AE85749C11CBA7B600691F4B /* SSCrypto.h */,
				AE85749D11CBA7B600691F4B /* SSCrypto.m */,
			);
			name = Utilities;
			sourceTree = "<group>";
		};
		AE85749E11CBA7B600691F4B /* TCP */ = {
			isa = PBXGroup;
			children = (
				AE85749F11CBA7B600691F4B /* AsyncSocket.h */,
				AE8574A011CBA7B600691F4B /* AsyncSocket.m */,
			);
			name = TCP;
			sourceTree = "<group>";
		};
		AE8574A111CBA7B600691F4B /* XMPP */ = {
			isa = PBXGroup;
			children = (
				AE8574D011CBA7B600691F4B /* Extensions */,
				AE8574C211CBA7B600691F4B /* Roster */,
				AE8574AE11CBA7B600691F4B /* Core */,
				AE8574A711CBA7B600691F4B /* Utilities */,
				AE8574A211CBA7B600691F4B /* Categories */,
			);
			name = XMPP;
			sourceTree = "<group>";
		};
		AE8574A211CBA7B600691F4B /* Categories */ = {
			isa = PBXGroup;
			children = (
				AE8574A311CBA7B600691F4B /* NSXMLElementAdditions.h */,
				AE8574A411CBA7B600691F4B /* NSXMLElementAdditions.m */,
				AE8574A511CBA7B600691F4B /* NSDataAdditions.h */,
				AE8574A611CBA7B600691F4B /* NSDataAdditions.m */,
			);
			name = Categories;
			sourceTree = "<group>";
		};
		AE8574A711CBA7B600691F4B /* Utilities */ = {
			isa = PBXGroup;
			children = (
				AE2B0F911234EC460028D2D1 /* RFSRVResolver.h */,
				AE2B0F921234EC460028D2D1 /* RFSRVResolver.m */,
				AE8574A811CBA7B600691F4B /* MulticastDelegate.h */,
				AE8574A911CBA7B600691F4B /* MulticastDelegate.m */,
				AE8574AA11CBA7B600691F4B /* LibIDN.h */,
				AE8574AB11CBA7B600691F4B /* LibIDN.m */,
				AE8574AC11CBA7B600691F4B /* idn-int.h */,
				AE8574AD11CBA7B600691F4B /* stringprep.h */,
			);
			name = Utilities;
			sourceTree = "<group>";
		};
		AE8574AE11CBA7B600691F4B /* Core */ = {
			isa = PBXGroup;
			children = (
				AE8574AF11CBA7B600691F4B /* XMPP.h */,
				AE8574B011CBA7B600691F4B /* XMPPParser.h */,
				AE8574B111CBA7B600691F4B /* XMPPParser.m */,
				AE8574B211CBA7B600691F4B /* XMPPStream.h */,
				AE8574B311CBA7B600691F4B /* XMPPStream.m */,
				AE8574B411CBA7B600691F4B /* XMPPJID.h */,
				AE8574B511CBA7B600691F4B /* XMPPJID.m */,
				AE8574B611CBA7B600691F4B /* XMPPElement.h */,
				AE8574B711CBA7B600691F4B /* XMPPElement.m */,
				AE8574B811CBA7B600691F4B /* XMPPIQ.h */,
				AE8574B911CBA7B600691F4B /* XMPPIQ.m */,
				AE8574BA11CBA7B600691F4B /* XMPPMessage.h */,
				AE8574BB11CBA7B600691F4B /* XMPPMessage.m */,
				AE8574BC11CBA7B600691F4B /* XMPPPresence.h */,
				AE8574BD11CBA7B600691F4B /* XMPPPresence.m */,
				AE8574BE11CBA7B600691F4B /* XMPPReconnect.h */,
				AE8574BF11CBA7B600691F4B /* XMPPReconnect.m */,
				AE8574C011CBA7B600691F4B /* XMPPModule.h */,
				AE8574C111CBA7B600691F4B /* XMPPModule.m */,
			);
			name = Core;
			sourceTree = "<group>";
		};
		AE8574C211CBA7B600691F4B /* Roster */ = {
			isa = PBXGroup;
			children = (
				AE8574C911CBA7B600691F4B /* MemoryStorage */,
				AE8574C711CBA7B600691F4B /* Private */,
				AE8574C311CBA7B600691F4B /* XMPPRoster.h */,
				AE8574C411CBA7B600691F4B /* XMPPRoster.m */,
				AE8574C511CBA7B600691F4B /* XMPPUser.h */,
				AE8574C611CBA7B600691F4B /* XMPPResource.h */,
			);
			name = Roster;
			sourceTree = "<group>";
		};
		AE8574C711CBA7B600691F4B /* Private */ = {
			isa = PBXGroup;
			children = (
				AE8574C811CBA7B600691F4B /* XMPPRosterPrivate.h */,
			);
			name = Private;
			sourceTree = "<group>";
		};
		AE8574C911CBA7B600691F4B /* MemoryStorage */ = {
			isa = PBXGroup;
			children = (
				AE8574CA11CBA7B600691F4B /* XMPPRosterMemoryStorage.h */,
				AE8574CB11CBA7B600691F4B /* XMPPRosterMemoryStorage.m */,
				AE8574CC11CBA7B600691F4B /* XMPPUserMemoryStorage.h */,
				AE8574CD11CBA7B600691F4B /* XMPPUserMemoryStorage.m */,
				AE8574CE11CBA7B600691F4B /* XMPPResourceMemoryStorage.h */,
				AE8574CF11CBA7B600691F4B /* XMPPResourceMemoryStorage.m */,
			);
			name = MemoryStorage;
			sourceTree = "<group>";
		};
		AE8574D011CBA7B600691F4B /* Extensions */ = {
			isa = PBXGroup;
			children = (
				AE50433812243E100000D1BC /* XEP-0060 */,
				AE801A3811F6D3DA00C914F4 /* XEP-0050 */,
				AE8574E511CBA7B600691F4B /* XEP-0199 */,
				AE8574DA11CBA7B600691F4B /* XEP-0115 */,
				AE8574D711CBA7B600691F4B /* XEP-0100 */,
				AE8574D111CBA7B600691F4B /* XEP-0065 */,
			);
			name = Extensions;
			sourceTree = "<group>";
		};
		AE8574D111CBA7B600691F4B /* XEP-0065 */ = {
			isa = PBXGroup;
			children = (
				AE8574D211CBA7B600691F4B /* DDLog.h */,
				AE8574D311CBA7B600691F4B /* DDNumber.h */,
				AE8574D411CBA7B600691F4B /* DDNumber.m */,
				AE8574D511CBA7B600691F4B /* TURNSocket.h */,
				AE8574D611CBA7B600691F4B /* TURNSocket.m */,
			);
			name = "XEP-0065";
			sourceTree = "<group>";
		};
		AE8574D711CBA7B600691F4B /* XEP-0100 */ = {
			isa = PBXGroup;
			children = (
				AE8574D811CBA7B600691F4B /* XMPPTransports.h */,
				AE8574D911CBA7B600691F4B /* XMPPTransports.m */,
			);
			name = "XEP-0100";
			sourceTree = "<group>";
		};
		AE8574DA11CBA7B600691F4B /* XEP-0115 */ = {
			isa = PBXGroup;
			children = (
				AE8574DD11CBA7B600691F4B /* Core Data Storage */,
				AE8574DB11CBA7B600691F4B /* XMPPCapabilities.h */,
				AE8574DC11CBA7B600691F4B /* XMPPCapabilities.m */,
			);
			name = "XEP-0115";
			sourceTree = "<group>";
		};
		AE8574DD11CBA7B600691F4B /* Core Data Storage */ = {
			isa = PBXGroup;
			children = (
				AE8574DE11CBA7B600691F4B /* XMPPCapabilitiesCoreDataStorage.h */,
				AE8574DF11CBA7B600691F4B /* XMPPCapabilitiesCoreDataStorage.m */,
				AE8574E011CBA7B600691F4B /* XMPPCapabilities.xcdatamodel */,
				AE8574E111CBA7B600691F4B /* XMPPCapsCoreDataStorageObject.h */,
				AE8574E211CBA7B600691F4B /* XMPPCapsCoreDataStorageObject.m */,
				AE8574E311CBA7B600691F4B /* XMPPCapsResourceCoreDataStorageObject.h */,
				AE8574E411CBA7B600691F4B /* XMPPCapsResourceCoreDataStorageObject.m */,
			);
			name = "Core Data Storage";
			sourceTree = "<group>";
		};
		AE8574E511CBA7B600691F4B /* XEP-0199 */ = {
			isa = PBXGroup;
			children = (
				AE8574E611CBA7B600691F4B /* XMPPPing.h */,
				AE8574E711CBA7B600691F4B /* XMPPPing.m */,
			);
			name = "XEP-0199";
			sourceTree = "<group>";
		};
		AEA0B0F40EF7B44600137DAA /* Views */ = {
			isa = PBXGroup;
			children = (
				AEA68037125A2DA90038B4C7 /* MyCell.h */,
				AEA68038125A2DA90038B4C7 /* MyCell.m */,
				AEC16F1F0F68334800A38C90 /* DockView.h */,
				AEC16F200F68334800A38C90 /* DockView.m */,
				AE2B1610123A125E0028D2D1 /* LiveTextView.h */,
				AE2B1611123A125E0028D2D1 /* LiveTextView.m */,
			);
			name = Views;
			sourceTree = "<group>";
		};
		AEA685CB125C681D0038B4C7 /* Models */ = {
			isa = PBXGroup;
			children = (
				AEA685CC125C76660038B4C7 /* Play.h */,
				AEA685CD125C76660038B4C7 /* Play.m */,
			);
			name = Models;
			sourceTree = "<group>";
		};
		AEDD16C40F0BF062009F81AD /* Images */ = {
			isa = PBXGroup;
			children = (
				AE5E4258124AA3AF00C15403 /* lastFM.png */,
				AEDD16960F0BEFF3009F81AD /* 1xtra.png */,
				AEDD16970F0BEFF3009F81AD /* 5livesportsextra.png */,
				AEDD16980F0BEFF3009F81AD /* 6music.png */,
				AEDD16990F0BEFF4009F81AD /* asiannetwork.png */,
				AEDD169A0F0BEFF4009F81AD /* radio7.png */,
				AEDD169B0F0BEFF4009F81AD /* fivelive.png */,
				AEDD169C0F0BEFF4009F81AD /* radio1.png */,
				AEDD169D0F0BEFF4009F81AD /* radio2.png */,
				AEDD169E0F0BEFF4009F81AD /* radio3.png */,
				AEDD169F0F0BEFF4009F81AD /* radio4.png */,
				AEDD16A00F0BEFF4009F81AD /* worldservice.png */,
			);
			name = Images;
			sourceTree = "<group>";
		};
/* End PBXGroup section */

/* Begin PBXNativeTarget section */
		8D1107260486CEB800E47090 /* Radio */ = {
			isa = PBXNativeTarget;
			buildConfigurationList = C01FCF4A08A954540054247B /* Build configuration list for PBXNativeTarget "Radio" */;
			buildPhases = (
				8D1107290486CEB800E47090 /* Resources */,
				8D11072C0486CEB800E47090 /* Sources */,
				8D11072E0486CEB800E47090 /* Frameworks */,
				AEA0B44F0EF7F03D00137DAA /* CopyFiles */,
				AEB914C80EFBF7CE0074754A /* CopyFiles */,
			);
			buildRules = (
			);
			dependencies = (
			);
			name = Radio;
			productInstallPath = "$(HOME)/Applications";
			productName = Radio;
			productReference = 8D1107320486CEB800E47090 /* RadioAunty.app */;
			productType = "com.apple.product-type.application";
		};
/* End PBXNativeTarget section */

/* Begin PBXProject section */
		29B97313FDCFA39411CA2CEA /* Project object */ = {
			isa = PBXProject;
			buildConfigurationList = C01FCF4E08A954540054247B /* Build configuration list for PBXProject "Radio" */;
			compatibilityVersion = "Xcode 3.1";
			developmentRegion = English;
			hasScannedForEncodings = 1;
			knownRegions = (
				English,
				Japanese,
				French,
				German,
			);
			mainGroup = 29B97314FDCFA39411CA2CEA /* Radio */;
			projectDirPath = "";
			projectRoot = "";
			targets = (
				8D1107260486CEB800E47090 /* Radio */,
			);
		};
/* End PBXProject section */

/* Begin PBXResourcesBuildPhase section */
		8D1107290486CEB800E47090 /* Resources */ = {
			isa = PBXResourcesBuildPhase;
			buildActionMask = 2147483647;
			files = (
				8D11072B0486CEB800E47090 /* InfoPlist.strings in Resources */,
				1DDD58160DA1D0A300B32029 /* MainMenu.xib in Resources */,
				AE6966860EF6AE9700B029FE /* MainWindow.xib in Resources */,
				AE69668F0EF6AF3D00B029FE /* EmpView.xib in Resources */,
				AE333BDC0EF79B4B0077A647 /* Defaults.plist in Resources */,
				AEA0B43D0EF7EFCE00137DAA /* Preferences.xib in Resources */,
				AEA0B4880EF7F3C900137DAA /* dsa_pub.pem in Resources */,
				AE73A0030EF950EA00AB9578 /* Growl Registration Ticket.growlRegDict in Resources */,
				AEDD16A10F0BEFF4009F81AD /* 1xtra.png in Resources */,
				AEDD16A20F0BEFF4009F81AD /* 5livesportsextra.png in Resources */,
				AEDD16A30F0BEFF4009F81AD /* 6music.png in Resources */,
				AEDD16A40F0BEFF4009F81AD /* asiannetwork.png in Resources */,
				AEDD16A50F0BEFF4009F81AD /* radio7.png in Resources */,
				AEDD16A60F0BEFF4009F81AD /* fivelive.png in Resources */,
				AEDD16A70F0BEFF4009F81AD /* radio1.png in Resources */,
				AEDD16A80F0BEFF4009F81AD /* radio2.png in Resources */,
				AEDD16A90F0BEFF4009F81AD /* radio3.png in Resources */,
				AEDD16AA0F0BEFF4009F81AD /* radio4.png in Resources */,
				AEDD16AB0F0BEFF4009F81AD /* worldservice.png in Resources */,
				AE1BFB940F173B8A006ED3DF /* live.html in Resources */,
				AE630BAC0F1CDC7200905968 /* radio_icon.icns in Resources */,
				AE3FF51C0F7A1F4B006C8B21 /* Credits.rtf in Resources */,
				AE49A90011AE65C90049C993 /* aod.html in Resources */,
				AE5E4259124AA3AF00C15403 /* lastFM.png in Resources */,
				AEA67EBA125A0C6B0038B4C7 /* History.xib in Resources */,
			);
			runOnlyForDeploymentPostprocessing = 0;
		};
/* End PBXResourcesBuildPhase section */

/* Begin PBXSourcesBuildPhase section */
		8D11072C0486CEB800E47090 /* Sources */ = {
			isa = PBXSourcesBuildPhase;
			buildActionMask = 2147483647;
			files = (
				8D11072D0486CEB800E47090 /* main.m in Sources */,
				AE69665B0EF6AC0300B029FE /* MainWindowController.m in Sources */,
				AE6966710EF6AD1800B029FE /* EmpViewController.m in Sources */,
				AEA0B4520EF7F09400137DAA /* PreferencesWindowController.m in Sources */,
				AEC16F210F68334800A38C90 /* DockView.m in Sources */,
				AE49AA2111AEF8C90049C993 /* NSObject+SBJSON.m in Sources */,
				AE49AA2211AEF8C90049C993 /* NSString+SBJSON.m in Sources */,
				AE49AA2311AEF8C90049C993 /* SBJSON.m in Sources */,
				AE49AA2411AEF8C90049C993 /* SBJsonBase.m in Sources */,
				AE49AA2511AEF8C90049C993 /* SBJsonParser.m in Sources */,
				AE49AA2611AEF8C90049C993 /* SBJsonWriter.m in Sources */,
				AE49AA3711AEFA1B0049C993 /* BBCSchedule.m in Sources */,
				AE49AA3A11AEFA320049C993 /* BBCBroadcast.m in Sources */,
				AE49AA3D11AEFA460049C993 /* BBCService.m in Sources */,
				AE49ADC911B14C0E0049C993 /* ISO8601DateFormatter.m in Sources */,
				AE49ADCC11B14C3C0049C993 /* GDataHTTPFetcher.m in Sources */,
				AEE2781E11CA5248008D9EC3 /* DRNSString-Utilities.m in Sources */,
				AE75A00011CA698800A12D3B /* AppDelegate.m in Sources */,
				AE8574E811CBA7B600691F4B /* SSCrypto.m in Sources */,
				AE8574E911CBA7B600691F4B /* AsyncSocket.m in Sources */,
				AE8574EA11CBA7B600691F4B /* NSXMLElementAdditions.m in Sources */,
				AE8574EB11CBA7B600691F4B /* NSDataAdditions.m in Sources */,
				AE8574EC11CBA7B600691F4B /* MulticastDelegate.m in Sources */,
				AE8574ED11CBA7B600691F4B /* LibIDN.m in Sources */,
				AE8574EE11CBA7B600691F4B /* XMPPParser.m in Sources */,
				AE8574EF11CBA7B600691F4B /* XMPPStream.m in Sources */,
				AE8574F011CBA7B600691F4B /* XMPPJID.m in Sources */,
				AE8574F111CBA7B600691F4B /* XMPPElement.m in Sources */,
				AE8574F211CBA7B600691F4B /* XMPPIQ.m in Sources */,
				AE8574F311CBA7B600691F4B /* XMPPMessage.m in Sources */,
				AE8574F411CBA7B600691F4B /* XMPPPresence.m in Sources */,
				AE8574F511CBA7B600691F4B /* XMPPReconnect.m in Sources */,
				AE8574F611CBA7B600691F4B /* XMPPModule.m in Sources */,
				AE8574F711CBA7B600691F4B /* XMPPRoster.m in Sources */,
				AE8574F811CBA7B600691F4B /* XMPPRosterMemoryStorage.m in Sources */,
				AE8574F911CBA7B600691F4B /* XMPPUserMemoryStorage.m in Sources */,
				AE8574FA11CBA7B600691F4B /* XMPPResourceMemoryStorage.m in Sources */,
				AE8574FB11CBA7B600691F4B /* DDNumber.m in Sources */,
				AE8574FC11CBA7B600691F4B /* TURNSocket.m in Sources */,
				AE8574FD11CBA7B600691F4B /* XMPPTransports.m in Sources */,
				AE8574FE11CBA7B600691F4B /* XMPPCapabilities.m in Sources */,
				AE8574FF11CBA7B600691F4B /* XMPPCapabilitiesCoreDataStorage.m in Sources */,
				AE85750011CBA7B600691F4B /* XMPPCapabilities.xcdatamodel in Sources */,
				AE85750111CBA7B600691F4B /* XMPPCapsCoreDataStorageObject.m in Sources */,
				AE85750211CBA7B600691F4B /* XMPPCapsResourceCoreDataStorageObject.m in Sources */,
				AE85750311CBA7B600691F4B /* XMPPPing.m in Sources */,
				AE801A3B11F6D41D00C914F4 /* XMPPAdHocCommands.m in Sources */,
				AE2B0F931234EC460028D2D1 /* RFSRVResolver.m in Sources */,
				AE2B1612123A125E0028D2D1 /* LiveTextView.m in Sources */,
				AE2B1AF8123E1CEE0028D2D1 /* XMPPPubSub.m in Sources */,
				AE5E3C9512477ACC00C15403 /* Scrobble.m in Sources */,
				AEA67EB8125A0BE30038B4C7 /* HistoryWindowController.m in Sources */,
				AEA68039125A2DA90038B4C7 /* MyCell.m in Sources */,
				AEA685CE125C76660038B4C7 /* Play.m in Sources */,
			);
			runOnlyForDeploymentPostprocessing = 0;
		};
/* End PBXSourcesBuildPhase section */

/* Begin PBXVariantGroup section */
		089C165CFE840E0CC02AAC07 /* InfoPlist.strings */ = {
			isa = PBXVariantGroup;
			children = (
				089C165DFE840E0CC02AAC07 /* English */,
			);
			name = InfoPlist.strings;
			sourceTree = "<group>";
		};
		1DDD58140DA1D0A300B32029 /* MainMenu.xib */ = {
			isa = PBXVariantGroup;
			children = (
				1DDD58150DA1D0A300B32029 /* English */,
			);
			name = MainMenu.xib;
			sourceTree = "<group>";
		};
/* End PBXVariantGroup section */

/* Begin XCBuildConfiguration section */
		C01FCF4B08A954540054247B /* Debug */ = {
			isa = XCBuildConfiguration;
			buildSettings = {
				ALWAYS_SEARCH_USER_PATHS = NO;
				COPY_PHASE_STRIP = NO;
				FRAMEWORK_SEARCH_PATHS = (
					"$(inherited)",
					"\"$(SRCROOT)\"",
				);
				FRAMEWORK_SEARCH_PATHS_QUOTED_1 = "\"$(SRCROOT)\"";
				GCC_DYNAMIC_NO_PIC = NO;
				GCC_ENABLE_FIX_AND_CONTINUE = YES;
				GCC_MODEL_TUNING = G5;
				GCC_OPTIMIZATION_LEVEL = 0;
				GCC_PRECOMPILE_PREFIX_HEADER = YES;
				GCC_PREFIX_HEADER = Radio_Prefix.pch;
				HEADER_SEARCH_PATHS = /usr/include/libxml2;
				INFOPLIST_FILE = Info.plist;
				INSTALL_PATH = "$(HOME)/Applications";
				LIBRARY_SEARCH_PATHS = (
					"$(inherited)",
					"$(LIBRARY_SEARCH_PATHS_QUOTED_FOR_TARGET_1)",
					"$(LIBRARY_SEARCH_PATHS_QUOTED_FOR_TARGET_2)",
				);
				LIBRARY_SEARCH_PATHS_QUOTED_FOR_TARGET_1 = "\"$(SRCROOT)/libidn\"";
				OTHER_LDFLAGS = "-lxml2";
				PRODUCT_NAME = RadioAunty;
			};
			name = Debug;
		};
		C01FCF4C08A954540054247B /* Release */ = {
			isa = XCBuildConfiguration;
			buildSettings = {
				ALWAYS_SEARCH_USER_PATHS = YES;
				DEBUG_INFORMATION_FORMAT = "dwarf-with-dsym";
				FRAMEWORK_SEARCH_PATHS = (
					"$(inherited)",
					"\"$(SRCROOT)\"",
				);
				FRAMEWORK_SEARCH_PATHS_QUOTED_1 = "\"$(SRCROOT)\"";
				GCC_C_LANGUAGE_STANDARD = c99;
				GCC_GENERATE_DEBUGGING_SYMBOLS = NO;
				GCC_MODEL_TUNING = G5;
				GCC_PRECOMPILE_PREFIX_HEADER = YES;
				GCC_PREFIX_HEADER = Radio_Prefix.pch;
				HEADER_SEARCH_PATHS = /usr/include/libxml2;
				INFOPLIST_FILE = Info.plist;
				INSTALL_PATH = "$(HOME)/Applications";
				LIBRARY_SEARCH_PATHS = (
					"$(inherited)",
					"$(LIBRARY_SEARCH_PATHS_QUOTED_FOR_TARGET_1)",
					"$(LIBRARY_SEARCH_PATHS_QUOTED_FOR_TARGET_2)",
				);
				LIBRARY_SEARCH_PATHS_QUOTED_FOR_TARGET_1 = "\"$(SRCROOT)/libidn\"";
				OTHER_LDFLAGS = "-lxml2";
				PRODUCT_NAME = RadioAunty;
			};
			name = Release;
		};
		C01FCF4F08A954540054247B /* Debug */ = {
			isa = XCBuildConfiguration;
			buildSettings = {
				ARCHS = "$(ARCHS_STANDARD_32_BIT)";
				GCC_C_LANGUAGE_STANDARD = c99;
				GCC_OPTIMIZATION_LEVEL = 0;
				GCC_WARN_ABOUT_RETURN_TYPE = YES;
				GCC_WARN_UNUSED_VARIABLE = YES;
				ONLY_ACTIVE_ARCH = YES;
				PREBINDING = NO;
				SDKROOT = macosx10.5;
			};
			name = Debug;
		};
		C01FCF5008A954540054247B /* Release */ = {
			isa = XCBuildConfiguration;
			buildSettings = {
				ARCHS = "$(ARCHS_STANDARD_32_BIT)";
				GCC_C_LANGUAGE_STANDARD = c99;
				GCC_WARN_ABOUT_RETURN_TYPE = YES;
				GCC_WARN_UNUSED_VARIABLE = YES;
				PREBINDING = NO;
				SDKROOT = macosx10.5;
			};
			name = Release;
		};
/* End XCBuildConfiguration section */

/* Begin XCConfigurationList section */
		C01FCF4A08A954540054247B /* Build configuration list for PBXNativeTarget "Radio" */ = {
			isa = XCConfigurationList;
			buildConfigurations = (
				C01FCF4B08A954540054247B /* Debug */,
				C01FCF4C08A954540054247B /* Release */,
			);
			defaultConfigurationIsVisible = 0;
			defaultConfigurationName = Release;
		};
		C01FCF4E08A954540054247B /* Build configuration list for PBXProject "Radio" */ = {
			isa = XCConfigurationList;
			buildConfigurations = (
				C01FCF4F08A954540054247B /* Debug */,
				C01FCF5008A954540054247B /* Release */,
			);
			defaultConfigurationIsVisible = 0;
			defaultConfigurationName = Release;
		};
/* End XCConfigurationList section */
	};
	rootObject = 29B97313FDCFA39411CA2CEA /* Project object */;
}
