// !$*UTF8*$!
{
	archiveVersion = 1;
	classes = {
	};
	objectVersion = 45;
	objects = {

/* Begin PBXBuildFile section */
		1DDD58160DA1D0A300B32029 /* MainMenu.xib in Resources */ = {isa = PBXBuildFile; fileRef = 1DDD58140DA1D0A300B32029 /* MainMenu.xib */; };
		8D11072B0486CEB800E47090 /* InfoPlist.strings in Resources */ = {isa = PBXBuildFile; fileRef = 089C165CFE840E0CC02AAC07 /* InfoPlist.strings */; };
		8D11072D0486CEB800E47090 /* main.m in Sources */ = {isa = PBXBuildFile; fileRef = 29B97316FDCFA39411CA2CEA /* main.m */; settings = {ATTRIBUTES = (); }; };
		8D11072F0486CEB800E47090 /* Cocoa.framework in Frameworks */ = {isa = PBXBuildFile; fileRef = 1058C7A1FEA54F0111CA2CBB /* Cocoa.framework */; };
		AE1BFB940F173B8A006ED3DF /* live.html in Resources */ = {isa = PBXBuildFile; fileRef = AE1BFB920F173B8A006ED3DF /* live.html */; };
		AE326E600F6A671A00815B36 /* robot.jpg in Resources */ = {isa = PBXBuildFile; fileRef = AE326E5F0F6A671A00815B36 /* robot.jpg */; };
		AE333BBB0EF798740077A647 /* WebKit.framework in Frameworks */ = {isa = PBXBuildFile; fileRef = AE333BBA0EF798740077A647 /* WebKit.framework */; };
		AE333BDC0EF79B4B0077A647 /* Defaults.plist in Resources */ = {isa = PBXBuildFile; fileRef = AE333BDB0EF79B4B0077A647 /* Defaults.plist */; };
		AE3FF51C0F7A1F4B006C8B21 /* Credits.rtf in Resources */ = {isa = PBXBuildFile; fileRef = AE3FF51B0F7A1F4B006C8B21 /* Credits.rtf */; };
		AE3FF5440F7A216E006C8B21 /* DRNSString-Utilities.m in Sources */ = {isa = PBXBuildFile; fileRef = AE3FF5430F7A216E006C8B21 /* DRNSString-Utilities.m */; };
		AE49A90011AE65C90049C993 /* aod.html in Resources */ = {isa = PBXBuildFile; fileRef = AE49A8FF11AE65C90049C993 /* aod.html */; };
		AE49AA2111AEF8C90049C993 /* NSObject+SBJSON.m in Sources */ = {isa = PBXBuildFile; fileRef = AE49AA1611AEF8C90049C993 /* NSObject+SBJSON.m */; };
		AE49AA2211AEF8C90049C993 /* NSString+SBJSON.m in Sources */ = {isa = PBXBuildFile; fileRef = AE49AA1811AEF8C90049C993 /* NSString+SBJSON.m */; };
		AE49AA2311AEF8C90049C993 /* SBJSON.m in Sources */ = {isa = PBXBuildFile; fileRef = AE49AA1A11AEF8C90049C993 /* SBJSON.m */; };
		AE49AA2411AEF8C90049C993 /* SBJsonBase.m in Sources */ = {isa = PBXBuildFile; fileRef = AE49AA1C11AEF8C90049C993 /* SBJsonBase.m */; };
		AE49AA2511AEF8C90049C993 /* SBJsonParser.m in Sources */ = {isa = PBXBuildFile; fileRef = AE49AA1E11AEF8C90049C993 /* SBJsonParser.m */; };
		AE49AA2611AEF8C90049C993 /* SBJsonWriter.m in Sources */ = {isa = PBXBuildFile; fileRef = AE49AA2011AEF8C90049C993 /* SBJsonWriter.m */; };
		AE49AA3711AEFA1B0049C993 /* BBCSchedule.m in Sources */ = {isa = PBXBuildFile; fileRef = AE49AA3611AEFA1B0049C993 /* BBCSchedule.m */; };
		AE49AA3A11AEFA320049C993 /* BBCBroadcast.m in Sources */ = {isa = PBXBuildFile; fileRef = AE49AA3911AEFA320049C993 /* BBCBroadcast.m */; };
		AE49AA3D11AEFA460049C993 /* BBCService.m in Sources */ = {isa = PBXBuildFile; fileRef = AE49AA3C11AEFA460049C993 /* BBCService.m */; };
		AE49ADC911B14C0E0049C993 /* ISO8601DateFormatter.m in Sources */ = {isa = PBXBuildFile; fileRef = AE49ADC811B14C0E0049C993 /* ISO8601DateFormatter.m */; };
		AE49ADCC11B14C3C0049C993 /* GDataHTTPFetcher.m in Sources */ = {isa = PBXBuildFile; fileRef = AE49ADCB11B14C3C0049C993 /* GDataHTTPFetcher.m */; };
		AE630BAC0F1CDC7200905968 /* radio_icon.icns in Resources */ = {isa = PBXBuildFile; fileRef = AE630BAB0F1CDC7200905968 /* radio_icon.icns */; };
		AE6966580EF6ABF200B029FE /* AppController.m in Sources */ = {isa = PBXBuildFile; fileRef = AE6966570EF6ABF200B029FE /* AppController.m */; };
		AE69665B0EF6AC0300B029FE /* MainWindowController.m in Sources */ = {isa = PBXBuildFile; fileRef = AE69665A0EF6AC0300B029FE /* MainWindowController.m */; };
		AE6966710EF6AD1800B029FE /* EmpViewController.m in Sources */ = {isa = PBXBuildFile; fileRef = AE6966700EF6AD1800B029FE /* EmpViewController.m */; };
		AE6966860EF6AE9700B029FE /* MainWindow.xib in Resources */ = {isa = PBXBuildFile; fileRef = AE6966850EF6AE9700B029FE /* MainWindow.xib */; };
		AE69668F0EF6AF3D00B029FE /* EmpView.xib in Resources */ = {isa = PBXBuildFile; fileRef = AE69668E0EF6AF3D00B029FE /* EmpView.xib */; };
		AE71FA270F694D2400577A56 /* MGTwitterEngine.m in Sources */ = {isa = PBXBuildFile; fileRef = AE71F9F90F694D2400577A56 /* MGTwitterEngine.m */; };
		AE71FA280F694D2400577A56 /* MGTwitterHTTPURLConnection.m in Sources */ = {isa = PBXBuildFile; fileRef = AE71F9FC0F694D2400577A56 /* MGTwitterHTTPURLConnection.m */; };
		AE71FA2E0F694D2400577A56 /* MGTwitterXMLParser.m in Sources */ = {isa = PBXBuildFile; fileRef = AE71FA0C0F694D2400577A56 /* MGTwitterXMLParser.m */; };
		AE71FA2F0F694D2400577A56 /* MGTwitterStatusesParser.m in Sources */ = {isa = PBXBuildFile; fileRef = AE71FA0E0F694D2400577A56 /* MGTwitterStatusesParser.m */; };
		AE71FA300F694D2400577A56 /* MGTwitterUsersParser.m in Sources */ = {isa = PBXBuildFile; fileRef = AE71FA100F694D2400577A56 /* MGTwitterUsersParser.m */; };
		AE71FA310F694D2400577A56 /* MGTwitterMessagesParser.m in Sources */ = {isa = PBXBuildFile; fileRef = AE71FA120F694D2400577A56 /* MGTwitterMessagesParser.m */; };
		AE71FA320F694D2400577A56 /* MGTwitterMiscParser.m in Sources */ = {isa = PBXBuildFile; fileRef = AE71FA140F694D2400577A56 /* MGTwitterMiscParser.m */; };
		AE71FA390F694D2400577A56 /* NSString+UUID.m in Sources */ = {isa = PBXBuildFile; fileRef = AE71FA240F694D2400577A56 /* NSString+UUID.m */; };
		AE71FA3A0F694D2400577A56 /* NSData+Base64.m in Sources */ = {isa = PBXBuildFile; fileRef = AE71FA260F694D2400577A56 /* NSData+Base64.m */; };
		AE73A0030EF950EA00AB9578 /* Growl Registration Ticket.growlRegDict in Resources */ = {isa = PBXBuildFile; fileRef = AE73A0020EF950EA00AB9578 /* Growl Registration Ticket.growlRegDict */; };
		AE73A04C0EF957A200AB9578 /* Growl.framework in Frameworks */ = {isa = PBXBuildFile; fileRef = AE73A04B0EF957A200AB9578 /* Growl.framework */; };
		AE73A04F0EF957B200AB9578 /* Growl.framework in CopyFiles */ = {isa = PBXBuildFile; fileRef = AE73A04B0EF957A200AB9578 /* Growl.framework */; };
		AEA0B43D0EF7EFCE00137DAA /* Preferences.xib in Resources */ = {isa = PBXBuildFile; fileRef = AEA0B43C0EF7EFCE00137DAA /* Preferences.xib */; };
		AEA0B4410EF7F01600137DAA /* Sparkle.framework in Frameworks */ = {isa = PBXBuildFile; fileRef = AEA0B4400EF7F01600137DAA /* Sparkle.framework */; };
		AEA0B4520EF7F09400137DAA /* PreferencesWindowController.m in Sources */ = {isa = PBXBuildFile; fileRef = AEA0B4510EF7F09400137DAA /* PreferencesWindowController.m */; };
		AEA0B4880EF7F3C900137DAA /* dsa_pub.pem in Resources */ = {isa = PBXBuildFile; fileRef = AEA0B4870EF7F3C900137DAA /* dsa_pub.pem */; };
		AEB914C30EFBF7C90074754A /* Sparkle.framework in CopyFiles */ = {isa = PBXBuildFile; fileRef = AEA0B4400EF7F01600137DAA /* Sparkle.framework */; };
		AEC16F210F68334800A38C90 /* DockView.m in Sources */ = {isa = PBXBuildFile; fileRef = AEC16F200F68334800A38C90 /* DockView.m */; };
		AEDD16A10F0BEFF4009F81AD /* 1xtra.png in Resources */ = {isa = PBXBuildFile; fileRef = AEDD16960F0BEFF3009F81AD /* 1xtra.png */; };
		AEDD16A20F0BEFF4009F81AD /* 5livesportsextra.png in Resources */ = {isa = PBXBuildFile; fileRef = AEDD16970F0BEFF3009F81AD /* 5livesportsextra.png */; };
		AEDD16A30F0BEFF4009F81AD /* 6music.png in Resources */ = {isa = PBXBuildFile; fileRef = AEDD16980F0BEFF3009F81AD /* 6music.png */; };
		AEDD16A40F0BEFF4009F81AD /* asiannetwork.png in Resources */ = {isa = PBXBuildFile; fileRef = AEDD16990F0BEFF4009F81AD /* asiannetwork.png */; };
		AEDD16A50F0BEFF4009F81AD /* radio7.png in Resources */ = {isa = PBXBuildFile; fileRef = AEDD169A0F0BEFF4009F81AD /* radio7.png */; };
		AEDD16A60F0BEFF4009F81AD /* fivelive.png in Resources */ = {isa = PBXBuildFile; fileRef = AEDD169B0F0BEFF4009F81AD /* fivelive.png */; };
		AEDD16A70F0BEFF4009F81AD /* radio1.png in Resources */ = {isa = PBXBuildFile; fileRef = AEDD169C0F0BEFF4009F81AD /* radio1.png */; };
		AEDD16A80F0BEFF4009F81AD /* radio2.png in Resources */ = {isa = PBXBuildFile; fileRef = AEDD169D0F0BEFF4009F81AD /* radio2.png */; };
		AEDD16A90F0BEFF4009F81AD /* radio3.png in Resources */ = {isa = PBXBuildFile; fileRef = AEDD169E0F0BEFF4009F81AD /* radio3.png */; };
		AEDD16AA0F0BEFF4009F81AD /* radio4.png in Resources */ = {isa = PBXBuildFile; fileRef = AEDD169F0F0BEFF4009F81AD /* radio4.png */; };
		AEDD16AB0F0BEFF4009F81AD /* worldservice.png in Resources */ = {isa = PBXBuildFile; fileRef = AEDD16A00F0BEFF4009F81AD /* worldservice.png */; };
/* End PBXBuildFile section */

/* Begin PBXCopyFilesBuildPhase section */
		AEA0B44F0EF7F03D00137DAA /* CopyFiles */ = {
			isa = PBXCopyFilesBuildPhase;
			buildActionMask = 2147483647;
			dstPath = "";
			dstSubfolderSpec = 10;
			files = (
				AE73A04F0EF957B200AB9578 /* Growl.framework in CopyFiles */,
			);
			runOnlyForDeploymentPostprocessing = 0;
		};
		AEB914C80EFBF7CE0074754A /* CopyFiles */ = {
			isa = PBXCopyFilesBuildPhase;
			buildActionMask = 2147483647;
			dstPath = "";
			dstSubfolderSpec = 10;
			files = (
				AEB914C30EFBF7C90074754A /* Sparkle.framework in CopyFiles */,
			);
			runOnlyForDeploymentPostprocessing = 0;
		};
/* End PBXCopyFilesBuildPhase section */

/* Begin PBXFileReference section */
		089C165DFE840E0CC02AAC07 /* English */ = {isa = PBXFileReference; fileEncoding = 10; lastKnownFileType = text.plist.strings; name = English; path = English.lproj/InfoPlist.strings; sourceTree = "<group>"; };
		1058C7A1FEA54F0111CA2CBB /* Cocoa.framework */ = {isa = PBXFileReference; lastKnownFileType = wrapper.framework; name = Cocoa.framework; path = /System/Library/Frameworks/Cocoa.framework; sourceTree = "<absolute>"; };
		1DDD58150DA1D0A300B32029 /* English */ = {isa = PBXFileReference; lastKnownFileType = file.xib; name = English; path = English.lproj/MainMenu.xib; sourceTree = "<group>"; };
		29B97316FDCFA39411CA2CEA /* main.m */ = {isa = PBXFileReference; fileEncoding = 4; lastKnownFileType = sourcecode.c.objc; path = main.m; sourceTree = "<group>"; };
		29B97324FDCFA39411CA2CEA /* AppKit.framework */ = {isa = PBXFileReference; lastKnownFileType = wrapper.framework; name = AppKit.framework; path = /System/Library/Frameworks/AppKit.framework; sourceTree = "<absolute>"; };
		29B97325FDCFA39411CA2CEA /* Foundation.framework */ = {isa = PBXFileReference; lastKnownFileType = wrapper.framework; name = Foundation.framework; path = /System/Library/Frameworks/Foundation.framework; sourceTree = "<absolute>"; };
		32CA4F630368D1EE00C91783 /* Radio_Prefix.pch */ = {isa = PBXFileReference; fileEncoding = 4; lastKnownFileType = sourcecode.c.h; path = Radio_Prefix.pch; sourceTree = "<group>"; };
		8D1107310486CEB800E47090 /* Info.plist */ = {isa = PBXFileReference; fileEncoding = 4; lastKnownFileType = text.plist.xml; path = Info.plist; sourceTree = "<group>"; };
		8D1107320486CEB800E47090 /* RadioAunty.app */ = {isa = PBXFileReference; explicitFileType = wrapper.application; includeInIndex = 0; path = RadioAunty.app; sourceTree = BUILT_PRODUCTS_DIR; };
		AE1BFB920F173B8A006ED3DF /* live.html */ = {isa = PBXFileReference; fileEncoding = 4; lastKnownFileType = text.html; path = live.html; sourceTree = "<group>"; wrapsLines = 1; };
		AE326E5F0F6A671A00815B36 /* robot.jpg */ = {isa = PBXFileReference; lastKnownFileType = image.jpeg; path = robot.jpg; sourceTree = "<group>"; };
		AE333BBA0EF798740077A647 /* WebKit.framework */ = {isa = PBXFileReference; lastKnownFileType = wrapper.framework; name = WebKit.framework; path = /System/Library/Frameworks/WebKit.framework; sourceTree = "<absolute>"; };
		AE333BDB0EF79B4B0077A647 /* Defaults.plist */ = {isa = PBXFileReference; fileEncoding = 4; lastKnownFileType = text.plist.xml; path = Defaults.plist; sourceTree = "<group>"; };
		AE3FF51B0F7A1F4B006C8B21 /* Credits.rtf */ = {isa = PBXFileReference; lastKnownFileType = text.rtf; path = Credits.rtf; sourceTree = "<group>"; };
		AE3FF5420F7A216E006C8B21 /* DRNSString-Utilities.h */ = {isa = PBXFileReference; fileEncoding = 4; lastKnownFileType = sourcecode.c.h; path = "DRNSString-Utilities.h"; sourceTree = "<group>"; };
		AE3FF5430F7A216E006C8B21 /* DRNSString-Utilities.m */ = {isa = PBXFileReference; fileEncoding = 4; lastKnownFileType = sourcecode.c.objc; path = "DRNSString-Utilities.m"; sourceTree = "<group>"; };
		AE49A8FF11AE65C90049C993 /* aod.html */ = {isa = PBXFileReference; fileEncoding = 4; lastKnownFileType = text.html; path = aod.html; sourceTree = "<group>"; wrapsLines = 1; };
		AE49AA1411AEF8C90049C993 /* JSON.h */ = {isa = PBXFileReference; fileEncoding = 4; lastKnownFileType = sourcecode.c.h; path = JSON.h; sourceTree = "<group>"; };
		AE49AA1511AEF8C90049C993 /* NSObject+SBJSON.h */ = {isa = PBXFileReference; fileEncoding = 4; lastKnownFileType = sourcecode.c.h; path = "NSObject+SBJSON.h"; sourceTree = "<group>"; };
		AE49AA1611AEF8C90049C993 /* NSObject+SBJSON.m */ = {isa = PBXFileReference; fileEncoding = 4; lastKnownFileType = sourcecode.c.objc; path = "NSObject+SBJSON.m"; sourceTree = "<group>"; };
		AE49AA1711AEF8C90049C993 /* NSString+SBJSON.h */ = {isa = PBXFileReference; fileEncoding = 4; lastKnownFileType = sourcecode.c.h; path = "NSString+SBJSON.h"; sourceTree = "<group>"; };
		AE49AA1811AEF8C90049C993 /* NSString+SBJSON.m */ = {isa = PBXFileReference; fileEncoding = 4; lastKnownFileType = sourcecode.c.objc; path = "NSString+SBJSON.m"; sourceTree = "<group>"; };
		AE49AA1911AEF8C90049C993 /* SBJSON.h */ = {isa = PBXFileReference; fileEncoding = 4; lastKnownFileType = sourcecode.c.h; path = SBJSON.h; sourceTree = "<group>"; };
		AE49AA1A11AEF8C90049C993 /* SBJSON.m */ = {isa = PBXFileReference; fileEncoding = 4; lastKnownFileType = sourcecode.c.objc; path = SBJSON.m; sourceTree = "<group>"; };
		AE49AA1B11AEF8C90049C993 /* SBJsonBase.h */ = {isa = PBXFileReference; fileEncoding = 4; lastKnownFileType = sourcecode.c.h; path = SBJsonBase.h; sourceTree = "<group>"; };
		AE49AA1C11AEF8C90049C993 /* SBJsonBase.m */ = {isa = PBXFileReference; fileEncoding = 4; lastKnownFileType = sourcecode.c.objc; path = SBJsonBase.m; sourceTree = "<group>"; };
		AE49AA1D11AEF8C90049C993 /* SBJsonParser.h */ = {isa = PBXFileReference; fileEncoding = 4; lastKnownFileType = sourcecode.c.h; path = SBJsonParser.h; sourceTree = "<group>"; };
		AE49AA1E11AEF8C90049C993 /* SBJsonParser.m */ = {isa = PBXFileReference; fileEncoding = 4; lastKnownFileType = sourcecode.c.objc; path = SBJsonParser.m; sourceTree = "<group>"; };
		AE49AA1F11AEF8C90049C993 /* SBJsonWriter.h */ = {isa = PBXFileReference; fileEncoding = 4; lastKnownFileType = sourcecode.c.h; path = SBJsonWriter.h; sourceTree = "<group>"; };
		AE49AA2011AEF8C90049C993 /* SBJsonWriter.m */ = {isa = PBXFileReference; fileEncoding = 4; lastKnownFileType = sourcecode.c.objc; path = SBJsonWriter.m; sourceTree = "<group>"; };
		AE49AA3511AEFA1B0049C993 /* BBCSchedule.h */ = {isa = PBXFileReference; fileEncoding = 4; lastKnownFileType = sourcecode.c.h; path = BBCSchedule.h; sourceTree = "<group>"; };
		AE49AA3611AEFA1B0049C993 /* BBCSchedule.m */ = {isa = PBXFileReference; fileEncoding = 4; lastKnownFileType = sourcecode.c.objc; path = BBCSchedule.m; sourceTree = "<group>"; };
		AE49AA3811AEFA320049C993 /* BBCBroadcast.h */ = {isa = PBXFileReference; fileEncoding = 4; lastKnownFileType = sourcecode.c.h; path = BBCBroadcast.h; sourceTree = "<group>"; };
		AE49AA3911AEFA320049C993 /* BBCBroadcast.m */ = {isa = PBXFileReference; fileEncoding = 4; lastKnownFileType = sourcecode.c.objc; path = BBCBroadcast.m; sourceTree = "<group>"; };
		AE49AA3B11AEFA460049C993 /* BBCService.h */ = {isa = PBXFileReference; fileEncoding = 4; lastKnownFileType = sourcecode.c.h; path = BBCService.h; sourceTree = "<group>"; };
		AE49AA3C11AEFA460049C993 /* BBCService.m */ = {isa = PBXFileReference; fileEncoding = 4; lastKnownFileType = sourcecode.c.objc; path = BBCService.m; sourceTree = "<group>"; };
		AE49ADC711B14C0E0049C993 /* ISO8601DateFormatter.h */ = {isa = PBXFileReference; fileEncoding = 4; lastKnownFileType = sourcecode.c.h; path = ISO8601DateFormatter.h; sourceTree = "<group>"; };
		AE49ADC811B14C0E0049C993 /* ISO8601DateFormatter.m */ = {isa = PBXFileReference; fileEncoding = 4; lastKnownFileType = sourcecode.c.objc; path = ISO8601DateFormatter.m; sourceTree = "<group>"; };
		AE49ADCA11B14C3C0049C993 /* GDataHTTPFetcher.h */ = {isa = PBXFileReference; fileEncoding = 4; lastKnownFileType = sourcecode.c.h; path = GDataHTTPFetcher.h; sourceTree = "<group>"; };
		AE49ADCB11B14C3C0049C993 /* GDataHTTPFetcher.m */ = {isa = PBXFileReference; fileEncoding = 4; lastKnownFileType = sourcecode.c.objc; path = GDataHTTPFetcher.m; sourceTree = "<group>"; };
		AE630BAB0F1CDC7200905968 /* radio_icon.icns */ = {isa = PBXFileReference; lastKnownFileType = image.icns; path = radio_icon.icns; sourceTree = "<group>"; };
		AE6966560EF6ABF200B029FE /* AppController.h */ = {isa = PBXFileReference; fileEncoding = 4; lastKnownFileType = sourcecode.c.h; path = AppController.h; sourceTree = "<group>"; };
		AE6966570EF6ABF200B029FE /* AppController.m */ = {isa = PBXFileReference; fileEncoding = 4; lastKnownFileType = sourcecode.c.objc; path = AppController.m; sourceTree = "<group>"; };
		AE6966590EF6AC0300B029FE /* MainWindowController.h */ = {isa = PBXFileReference; fileEncoding = 4; lastKnownFileType = sourcecode.c.h; path = MainWindowController.h; sourceTree = "<group>"; };
		AE69665A0EF6AC0300B029FE /* MainWindowController.m */ = {isa = PBXFileReference; fileEncoding = 4; lastKnownFileType = sourcecode.c.objc; path = MainWindowController.m; sourceTree = "<group>"; };
		AE69666F0EF6AD1800B029FE /* EmpViewController.h */ = {isa = PBXFileReference; fileEncoding = 4; lastKnownFileType = sourcecode.c.h; path = EmpViewController.h; sourceTree = "<group>"; };
		AE6966700EF6AD1800B029FE /* EmpViewController.m */ = {isa = PBXFileReference; fileEncoding = 4; lastKnownFileType = sourcecode.c.objc; path = EmpViewController.m; sourceTree = "<group>"; };
		AE6966850EF6AE9700B029FE /* MainWindow.xib */ = {isa = PBXFileReference; lastKnownFileType = file.xib; path = MainWindow.xib; sourceTree = "<group>"; };
		AE69668E0EF6AF3D00B029FE /* EmpView.xib */ = {isa = PBXFileReference; lastKnownFileType = file.xib; path = EmpView.xib; sourceTree = "<group>"; };
		AE71F9F70F694D2400577A56 /* MGTwitterEngineGlobalHeader.h */ = {isa = PBXFileReference; fileEncoding = 4; lastKnownFileType = sourcecode.c.h; path = MGTwitterEngineGlobalHeader.h; sourceTree = "<group>"; };
		AE71F9F80F694D2400577A56 /* MGTwitterEngine.h */ = {isa = PBXFileReference; fileEncoding = 4; lastKnownFileType = sourcecode.c.h; path = MGTwitterEngine.h; sourceTree = "<group>"; };
		AE71F9F90F694D2400577A56 /* MGTwitterEngine.m */ = {isa = PBXFileReference; fileEncoding = 4; lastKnownFileType = sourcecode.c.objc; path = MGTwitterEngine.m; sourceTree = "<group>"; };
		AE71F9FA0F694D2400577A56 /* MGTwitterEngineDelegate.h */ = {isa = PBXFileReference; fileEncoding = 4; lastKnownFileType = sourcecode.c.h; path = MGTwitterEngineDelegate.h; sourceTree = "<group>"; };
		AE71F9FB0F694D2400577A56 /* MGTwitterHTTPURLConnection.h */ = {isa = PBXFileReference; fileEncoding = 4; lastKnownFileType = sourcecode.c.h; path = MGTwitterHTTPURLConnection.h; sourceTree = "<group>"; };
		AE71F9FC0F694D2400577A56 /* MGTwitterHTTPURLConnection.m */ = {isa = PBXFileReference; fileEncoding = 4; lastKnownFileType = sourcecode.c.objc; path = MGTwitterHTTPURLConnection.m; sourceTree = "<group>"; };
		AE71F9FD0F694D2400577A56 /* MGTwitterRequestTypes.h */ = {isa = PBXFileReference; fileEncoding = 4; lastKnownFileType = sourcecode.c.h; path = MGTwitterRequestTypes.h; sourceTree = "<group>"; };
		AE71F9FE0F694D2400577A56 /* MGTwitterParserDelegate.h */ = {isa = PBXFileReference; fileEncoding = 4; lastKnownFileType = sourcecode.c.h; path = MGTwitterParserDelegate.h; sourceTree = "<group>"; };
		AE71FA0B0F694D2400577A56 /* MGTwitterXMLParser.h */ = {isa = PBXFileReference; fileEncoding = 4; lastKnownFileType = sourcecode.c.h; path = MGTwitterXMLParser.h; sourceTree = "<group>"; };
		AE71FA0C0F694D2400577A56 /* MGTwitterXMLParser.m */ = {isa = PBXFileReference; fileEncoding = 4; lastKnownFileType = sourcecode.c.objc; path = MGTwitterXMLParser.m; sourceTree = "<group>"; };
		AE71FA0D0F694D2400577A56 /* MGTwitterStatusesParser.h */ = {isa = PBXFileReference; fileEncoding = 4; lastKnownFileType = sourcecode.c.h; path = MGTwitterStatusesParser.h; sourceTree = "<group>"; };
		AE71FA0E0F694D2400577A56 /* MGTwitterStatusesParser.m */ = {isa = PBXFileReference; fileEncoding = 4; lastKnownFileType = sourcecode.c.objc; path = MGTwitterStatusesParser.m; sourceTree = "<group>"; };
		AE71FA0F0F694D2400577A56 /* MGTwitterUsersParser.h */ = {isa = PBXFileReference; fileEncoding = 4; lastKnownFileType = sourcecode.c.h; path = MGTwitterUsersParser.h; sourceTree = "<group>"; };
		AE71FA100F694D2400577A56 /* MGTwitterUsersParser.m */ = {isa = PBXFileReference; fileEncoding = 4; lastKnownFileType = sourcecode.c.objc; path = MGTwitterUsersParser.m; sourceTree = "<group>"; };
		AE71FA110F694D2400577A56 /* MGTwitterMessagesParser.h */ = {isa = PBXFileReference; fileEncoding = 4; lastKnownFileType = sourcecode.c.h; path = MGTwitterMessagesParser.h; sourceTree = "<group>"; };
		AE71FA120F694D2400577A56 /* MGTwitterMessagesParser.m */ = {isa = PBXFileReference; fileEncoding = 4; lastKnownFileType = sourcecode.c.objc; path = MGTwitterMessagesParser.m; sourceTree = "<group>"; };
		AE71FA130F694D2400577A56 /* MGTwitterMiscParser.h */ = {isa = PBXFileReference; fileEncoding = 4; lastKnownFileType = sourcecode.c.h; path = MGTwitterMiscParser.h; sourceTree = "<group>"; };
		AE71FA140F694D2400577A56 /* MGTwitterMiscParser.m */ = {isa = PBXFileReference; fileEncoding = 4; lastKnownFileType = sourcecode.c.objc; path = MGTwitterMiscParser.m; sourceTree = "<group>"; };
		AE71FA230F694D2400577A56 /* NSString+UUID.h */ = {isa = PBXFileReference; fileEncoding = 4; lastKnownFileType = sourcecode.c.h; path = "NSString+UUID.h"; sourceTree = "<group>"; };
		AE71FA240F694D2400577A56 /* NSString+UUID.m */ = {isa = PBXFileReference; fileEncoding = 4; lastKnownFileType = sourcecode.c.objc; path = "NSString+UUID.m"; sourceTree = "<group>"; };
		AE71FA250F694D2400577A56 /* NSData+Base64.h */ = {isa = PBXFileReference; fileEncoding = 4; lastKnownFileType = sourcecode.c.h; path = "NSData+Base64.h"; sourceTree = "<group>"; };
		AE71FA260F694D2400577A56 /* NSData+Base64.m */ = {isa = PBXFileReference; fileEncoding = 4; lastKnownFileType = sourcecode.c.objc; path = "NSData+Base64.m"; sourceTree = "<group>"; };
		AE73A0020EF950EA00AB9578 /* Growl Registration Ticket.growlRegDict */ = {isa = PBXFileReference; fileEncoding = 4; lastKnownFileType = text.xml; path = "Growl Registration Ticket.growlRegDict"; sourceTree = "<group>"; };
		AE73A04B0EF957A200AB9578 /* Growl.framework */ = {isa = PBXFileReference; lastKnownFileType = wrapper.framework; path = Growl.framework; sourceTree = "<group>"; };
		AEA0B43C0EF7EFCE00137DAA /* Preferences.xib */ = {isa = PBXFileReference; lastKnownFileType = file.xib; path = Preferences.xib; sourceTree = "<group>"; };
		AEA0B4400EF7F01600137DAA /* Sparkle.framework */ = {isa = PBXFileReference; lastKnownFileType = wrapper.framework; path = Sparkle.framework; sourceTree = "<group>"; };
		AEA0B4500EF7F09400137DAA /* PreferencesWindowController.h */ = {isa = PBXFileReference; fileEncoding = 4; lastKnownFileType = sourcecode.c.h; path = PreferencesWindowController.h; sourceTree = "<group>"; };
		AEA0B4510EF7F09400137DAA /* PreferencesWindowController.m */ = {isa = PBXFileReference; fileEncoding = 4; lastKnownFileType = sourcecode.c.objc; path = PreferencesWindowController.m; sourceTree = "<group>"; };
		AEA0B4870EF7F3C900137DAA /* dsa_pub.pem */ = {isa = PBXFileReference; fileEncoding = 4; lastKnownFileType = text; path = dsa_pub.pem; sourceTree = "<group>"; };
		AEC16F1F0F68334800A38C90 /* DockView.h */ = {isa = PBXFileReference; fileEncoding = 4; lastKnownFileType = sourcecode.c.h; path = DockView.h; sourceTree = "<group>"; };
		AEC16F200F68334800A38C90 /* DockView.m */ = {isa = PBXFileReference; fileEncoding = 4; lastKnownFileType = sourcecode.c.objc; path = DockView.m; sourceTree = "<group>"; };
		AECC40AE0F7999BA00804741 /* pw_TvAndRadioBotPassword.h */ = {isa = PBXFileReference; fileEncoding = 4; lastKnownFileType = sourcecode.c.h; name = pw_TvAndRadioBotPassword.h; path = "../../code.whomwah.com/public/objective-c/pw_TvAndRadioBotPassword.h"; sourceTree = SOURCE_ROOT; };
		AEDD16960F0BEFF3009F81AD /* 1xtra.png */ = {isa = PBXFileReference; lastKnownFileType = image.png; path = 1xtra.png; sourceTree = "<group>"; };
		AEDD16970F0BEFF3009F81AD /* 5livesportsextra.png */ = {isa = PBXFileReference; lastKnownFileType = image.png; path = 5livesportsextra.png; sourceTree = "<group>"; };
		AEDD16980F0BEFF3009F81AD /* 6music.png */ = {isa = PBXFileReference; lastKnownFileType = image.png; path = 6music.png; sourceTree = "<group>"; };
		AEDD16990F0BEFF4009F81AD /* asiannetwork.png */ = {isa = PBXFileReference; lastKnownFileType = image.png; path = asiannetwork.png; sourceTree = "<group>"; };
		AEDD169A0F0BEFF4009F81AD /* radio7.png */ = {isa = PBXFileReference; lastKnownFileType = image.png; path = radio7.png; sourceTree = "<group>"; };
		AEDD169B0F0BEFF4009F81AD /* fivelive.png */ = {isa = PBXFileReference; lastKnownFileType = image.png; path = fivelive.png; sourceTree = "<group>"; };
		AEDD169C0F0BEFF4009F81AD /* radio1.png */ = {isa = PBXFileReference; lastKnownFileType = image.png; path = radio1.png; sourceTree = "<group>"; };
		AEDD169D0F0BEFF4009F81AD /* radio2.png */ = {isa = PBXFileReference; lastKnownFileType = image.png; path = radio2.png; sourceTree = "<group>"; };
		AEDD169E0F0BEFF4009F81AD /* radio3.png */ = {isa = PBXFileReference; lastKnownFileType = image.png; path = radio3.png; sourceTree = "<group>"; };
		AEDD169F0F0BEFF4009F81AD /* radio4.png */ = {isa = PBXFileReference; lastKnownFileType = image.png; path = radio4.png; sourceTree = "<group>"; };
		AEDD16A00F0BEFF4009F81AD /* worldservice.png */ = {isa = PBXFileReference; lastKnownFileType = image.png; path = worldservice.png; sourceTree = "<group>"; };
/* End PBXFileReference section */

/* Begin PBXFrameworksBuildPhase section */
		8D11072E0486CEB800E47090 /* Frameworks */ = {
			isa = PBXFrameworksBuildPhase;
			buildActionMask = 2147483647;
			files = (
				8D11072F0486CEB800E47090 /* Cocoa.framework in Frameworks */,
				AE333BBB0EF798740077A647 /* WebKit.framework in Frameworks */,
				AEA0B4410EF7F01600137DAA /* Sparkle.framework in Frameworks */,
				AE73A04C0EF957A200AB9578 /* Growl.framework in Frameworks */,
			);
			runOnlyForDeploymentPostprocessing = 0;
		};
/* End PBXFrameworksBuildPhase section */

/* Begin PBXGroup section */
		080E96DDFE201D6D7F000001 /* Controllers */ = {
			isa = PBXGroup;
			children = (
				AE6966560EF6ABF200B029FE /* AppController.h */,
				AE6966570EF6ABF200B029FE /* AppController.m */,
				AE6966590EF6AC0300B029FE /* MainWindowController.h */,
				AE69665A0EF6AC0300B029FE /* MainWindowController.m */,
				AE69666F0EF6AD1800B029FE /* EmpViewController.h */,
				AE6966700EF6AD1800B029FE /* EmpViewController.m */,
				AEA0B4500EF7F09400137DAA /* PreferencesWindowController.h */,
				AEA0B4510EF7F09400137DAA /* PreferencesWindowController.m */,
			);
			name = Controllers;
			sourceTree = "<group>";
		};
		1058C7A0FEA54F0111CA2CBB /* Linked Frameworks */ = {
			isa = PBXGroup;
			children = (
				AE73A04B0EF957A200AB9578 /* Growl.framework */,
				AEA0B4400EF7F01600137DAA /* Sparkle.framework */,
				1058C7A1FEA54F0111CA2CBB /* Cocoa.framework */,
			);
			name = "Linked Frameworks";
			sourceTree = "<group>";
		};
		1058C7A2FEA54F0111CA2CBB /* Other Frameworks */ = {
			isa = PBXGroup;
			children = (
				AE333BBA0EF798740077A647 /* WebKit.framework */,
				29B97324FDCFA39411CA2CEA /* AppKit.framework */,
				29B97325FDCFA39411CA2CEA /* Foundation.framework */,
			);
			name = "Other Frameworks";
			sourceTree = "<group>";
		};
		19C28FACFE9D520D11CA2CBB /* Products */ = {
			isa = PBXGroup;
			children = (
				8D1107320486CEB800E47090 /* RadioAunty.app */,
			);
			name = Products;
			sourceTree = "<group>";
		};
		29B97314FDCFA39411CA2CEA /* Radio */ = {
			isa = PBXGroup;
			children = (
				AE71F9F50F694D1A00577A56 /* Classes */,
				AEDD16C40F0BF062009F81AD /* Images */,
				AEA0B0F40EF7B44600137DAA /* Views */,
				080E96DDFE201D6D7F000001 /* Controllers */,
				29B97315FDCFA39411CA2CEA /* Other Sources */,
				29B97317FDCFA39411CA2CEA /* Resources */,
				29B97323FDCFA39411CA2CEA /* Frameworks */,
				19C28FACFE9D520D11CA2CBB /* Products */,
			);
			name = Radio;
			sourceTree = "<group>";
		};
		29B97315FDCFA39411CA2CEA /* Other Sources */ = {
			isa = PBXGroup;
			children = (
				32CA4F630368D1EE00C91783 /* Radio_Prefix.pch */,
				29B97316FDCFA39411CA2CEA /* main.m */,
			);
			name = "Other Sources";
			sourceTree = "<group>";
		};
		29B97317FDCFA39411CA2CEA /* Resources */ = {
			isa = PBXGroup;
			children = (
				AE630BAB0F1CDC7200905968 /* radio_icon.icns */,
				AE1BFB920F173B8A006ED3DF /* live.html */,
				AE49A8FF11AE65C90049C993 /* aod.html */,
				AEA0B4870EF7F3C900137DAA /* dsa_pub.pem */,
				AE333BDB0EF79B4B0077A647 /* Defaults.plist */,
				8D1107310486CEB800E47090 /* Info.plist */,
				089C165CFE840E0CC02AAC07 /* InfoPlist.strings */,
				1DDD58140DA1D0A300B32029 /* MainMenu.xib */,
				AE6966850EF6AE9700B029FE /* MainWindow.xib */,
				AE69668E0EF6AF3D00B029FE /* EmpView.xib */,
				AEA0B43C0EF7EFCE00137DAA /* Preferences.xib */,
				AE73A0020EF950EA00AB9578 /* Growl Registration Ticket.growlRegDict */,
				AE3FF51B0F7A1F4B006C8B21 /* Credits.rtf */,
			);
			name = Resources;
			sourceTree = "<group>";
		};
		29B97323FDCFA39411CA2CEA /* Frameworks */ = {
			isa = PBXGroup;
			children = (
				1058C7A0FEA54F0111CA2CBB /* Linked Frameworks */,
				1058C7A2FEA54F0111CA2CBB /* Other Frameworks */,
			);
			name = Frameworks;
			sourceTree = "<group>";
		};
		AE3FF5410F7A216E006C8B21 /* Categories */ = {
			isa = PBXGroup;
			children = (
				AE3FF5420F7A216E006C8B21 /* DRNSString-Utilities.h */,
				AE3FF5430F7A216E006C8B21 /* DRNSString-Utilities.m */,
			);
			name = Categories;
			path = "../../code.whomwah.com/public/objective-c/BBCProgrammes/Categories";
			sourceTree = SOURCE_ROOT;
		};
		AE49AA1311AEF8C90049C993 /* JSON */ = {
			isa = PBXGroup;
			children = (
				AE49AA1411AEF8C90049C993 /* JSON.h */,
				AE49AA1511AEF8C90049C993 /* NSObject+SBJSON.h */,
				AE49AA1611AEF8C90049C993 /* NSObject+SBJSON.m */,
				AE49AA1711AEF8C90049C993 /* NSString+SBJSON.h */,
				AE49AA1811AEF8C90049C993 /* NSString+SBJSON.m */,
				AE49AA1911AEF8C90049C993 /* SBJSON.h */,
				AE49AA1A11AEF8C90049C993 /* SBJSON.m */,
				AE49AA1B11AEF8C90049C993 /* SBJsonBase.h */,
				AE49AA1C11AEF8C90049C993 /* SBJsonBase.m */,
				AE49AA1D11AEF8C90049C993 /* SBJsonParser.h */,
				AE49AA1E11AEF8C90049C993 /* SBJsonParser.m */,
				AE49AA1F11AEF8C90049C993 /* SBJsonWriter.h */,
				AE49AA2011AEF8C90049C993 /* SBJsonWriter.m */,
			);
			path = JSON;
			sourceTree = "<group>";
		};
		AE49AA3411AEF9FA0049C993 /* BBCProgrammes */ = {
			isa = PBXGroup;
			children = (
				AE49ADCA11B14C3C0049C993 /* GDataHTTPFetcher.h */,
				AE49ADCB11B14C3C0049C993 /* GDataHTTPFetcher.m */,
				AE49ADC711B14C0E0049C993 /* ISO8601DateFormatter.h */,
				AE49ADC811B14C0E0049C993 /* ISO8601DateFormatter.m */,
				AE49AA3511AEFA1B0049C993 /* BBCSchedule.h */,
				AE49AA3611AEFA1B0049C993 /* BBCSchedule.m */,
				AE49AA3811AEFA320049C993 /* BBCBroadcast.h */,
				AE49AA3911AEFA320049C993 /* BBCBroadcast.m */,
				AE49AA3B11AEFA460049C993 /* BBCService.h */,
				AE49AA3C11AEFA460049C993 /* BBCService.m */,
			);
			name = BBCProgrammes;
			sourceTree = "<group>";
		};
		AE71F9F50F694D1A00577A56 /* Classes */ = {
			isa = PBXGroup;
			children = (
				AE49AA3411AEF9FA0049C993 /* BBCProgrammes */,
				AE49AA1311AEF8C90049C993 /* JSON */,
				AE3FF5410F7A216E006C8B21 /* Categories */,
				AECC40AE0F7999BA00804741 /* pw_TvAndRadioBotPassword.h */,
				AE71F9F60F694D2400577A56 /* MATwitterEngine */,
			);
			name = Classes;
			sourceTree = "<group>";
		};
		AE71F9F60F694D2400577A56 /* MATwitterEngine */ = {
			isa = PBXGroup;
			children = (
				AE71FA220F694D2400577A56 /* Categories */,
				AE71FA0A0F694D2400577A56 /* Twitter NSXML Parsers */,
				AE71F9F70F694D2400577A56 /* MGTwitterEngineGlobalHeader.h */,
				AE71F9F80F694D2400577A56 /* MGTwitterEngine.h */,
				AE71F9F90F694D2400577A56 /* MGTwitterEngine.m */,
				AE71F9FA0F694D2400577A56 /* MGTwitterEngineDelegate.h */,
				AE71F9FB0F694D2400577A56 /* MGTwitterHTTPURLConnection.h */,
				AE71F9FC0F694D2400577A56 /* MGTwitterHTTPURLConnection.m */,
				AE71F9FD0F694D2400577A56 /* MGTwitterRequestTypes.h */,
				AE71F9FE0F694D2400577A56 /* MGTwitterParserDelegate.h */,
			);
			name = MATwitterEngine;
			sourceTree = "<group>";
		};
		AE71FA0A0F694D2400577A56 /* Twitter NSXML Parsers */ = {
			isa = PBXGroup;
			children = (
				AE71FA0B0F694D2400577A56 /* MGTwitterXMLParser.h */,
				AE71FA0C0F694D2400577A56 /* MGTwitterXMLParser.m */,
				AE71FA0D0F694D2400577A56 /* MGTwitterStatusesParser.h */,
				AE71FA0E0F694D2400577A56 /* MGTwitterStatusesParser.m */,
				AE71FA0F0F694D2400577A56 /* MGTwitterUsersParser.h */,
				AE71FA100F694D2400577A56 /* MGTwitterUsersParser.m */,
				AE71FA110F694D2400577A56 /* MGTwitterMessagesParser.h */,
				AE71FA120F694D2400577A56 /* MGTwitterMessagesParser.m */,
				AE71FA130F694D2400577A56 /* MGTwitterMiscParser.h */,
				AE71FA140F694D2400577A56 /* MGTwitterMiscParser.m */,
			);
			name = "Twitter NSXML Parsers";
			sourceTree = "<group>";
		};
		AE71FA220F694D2400577A56 /* Categories */ = {
			isa = PBXGroup;
			children = (
				AE71FA230F694D2400577A56 /* NSString+UUID.h */,
				AE71FA240F694D2400577A56 /* NSString+UUID.m */,
				AE71FA250F694D2400577A56 /* NSData+Base64.h */,
				AE71FA260F694D2400577A56 /* NSData+Base64.m */,
			);
			name = Categories;
			sourceTree = "<group>";
		};
		AEA0B0F40EF7B44600137DAA /* Views */ = {
			isa = PBXGroup;
			children = (
				AEC16F1F0F68334800A38C90 /* DockView.h */,
				AEC16F200F68334800A38C90 /* DockView.m */,
			);
			name = Views;
			sourceTree = "<group>";
		};
		AEDD16C40F0BF062009F81AD /* Images */ = {
			isa = PBXGroup;
			children = (
				AE326E5F0F6A671A00815B36 /* robot.jpg */,
				AEDD16960F0BEFF3009F81AD /* 1xtra.png */,
				AEDD16970F0BEFF3009F81AD /* 5livesportsextra.png */,
				AEDD16980F0BEFF3009F81AD /* 6music.png */,
				AEDD16990F0BEFF4009F81AD /* asiannetwork.png */,
				AEDD169A0F0BEFF4009F81AD /* radio7.png */,
				AEDD169B0F0BEFF4009F81AD /* fivelive.png */,
				AEDD169C0F0BEFF4009F81AD /* radio1.png */,
				AEDD169D0F0BEFF4009F81AD /* radio2.png */,
				AEDD169E0F0BEFF4009F81AD /* radio3.png */,
				AEDD169F0F0BEFF4009F81AD /* radio4.png */,
				AEDD16A00F0BEFF4009F81AD /* worldservice.png */,
			);
			name = Images;
			sourceTree = "<group>";
		};
/* End PBXGroup section */

/* Begin PBXNativeTarget section */
		8D1107260486CEB800E47090 /* Radio */ = {
			isa = PBXNativeTarget;
			buildConfigurationList = C01FCF4A08A954540054247B /* Build configuration list for PBXNativeTarget "Radio" */;
			buildPhases = (
				8D1107290486CEB800E47090 /* Resources */,
				8D11072C0486CEB800E47090 /* Sources */,
				8D11072E0486CEB800E47090 /* Frameworks */,
				AEA0B44F0EF7F03D00137DAA /* CopyFiles */,
				AEB914C80EFBF7CE0074754A /* CopyFiles */,
			);
			buildRules = (
			);
			dependencies = (
			);
			name = Radio;
			productInstallPath = "$(HOME)/Applications";
			productName = Radio;
			productReference = 8D1107320486CEB800E47090 /* RadioAunty.app */;
			productType = "com.apple.product-type.application";
		};
/* End PBXNativeTarget section */

/* Begin PBXProject section */
		29B97313FDCFA39411CA2CEA /* Project object */ = {
			isa = PBXProject;
			buildConfigurationList = C01FCF4E08A954540054247B /* Build configuration list for PBXProject "Radio" */;
			compatibilityVersion = "Xcode 3.1";
			hasScannedForEncodings = 1;
			mainGroup = 29B97314FDCFA39411CA2CEA /* Radio */;
			projectDirPath = "";
			projectRoot = "";
			targets = (
				8D1107260486CEB800E47090 /* Radio */,
			);
		};
/* End PBXProject section */

/* Begin PBXResourcesBuildPhase section */
		8D1107290486CEB800E47090 /* Resources */ = {
			isa = PBXResourcesBuildPhase;
			buildActionMask = 2147483647;
			files = (
				8D11072B0486CEB800E47090 /* InfoPlist.strings in Resources */,
				1DDD58160DA1D0A300B32029 /* MainMenu.xib in Resources */,
				AE6966860EF6AE9700B029FE /* MainWindow.xib in Resources */,
				AE69668F0EF6AF3D00B029FE /* EmpView.xib in Resources */,
				AE333BDC0EF79B4B0077A647 /* Defaults.plist in Resources */,
				AEA0B43D0EF7EFCE00137DAA /* Preferences.xib in Resources */,
				AEA0B4880EF7F3C900137DAA /* dsa_pub.pem in Resources */,
				AE73A0030EF950EA00AB9578 /* Growl Registration Ticket.growlRegDict in Resources */,
				AEDD16A10F0BEFF4009F81AD /* 1xtra.png in Resources */,
				AEDD16A20F0BEFF4009F81AD /* 5livesportsextra.png in Resources */,
				AEDD16A30F0BEFF4009F81AD /* 6music.png in Resources */,
				AEDD16A40F0BEFF4009F81AD /* asiannetwork.png in Resources */,
				AEDD16A50F0BEFF4009F81AD /* radio7.png in Resources */,
				AEDD16A60F0BEFF4009F81AD /* fivelive.png in Resources */,
				AEDD16A70F0BEFF4009F81AD /* radio1.png in Resources */,
				AEDD16A80F0BEFF4009F81AD /* radio2.png in Resources */,
				AEDD16A90F0BEFF4009F81AD /* radio3.png in Resources */,
				AEDD16AA0F0BEFF4009F81AD /* radio4.png in Resources */,
				AEDD16AB0F0BEFF4009F81AD /* worldservice.png in Resources */,
				AE1BFB940F173B8A006ED3DF /* live.html in Resources */,
				AE630BAC0F1CDC7200905968 /* radio_icon.icns in Resources */,
				AE326E600F6A671A00815B36 /* robot.jpg in Resources */,
				AE3FF51C0F7A1F4B006C8B21 /* Credits.rtf in Resources */,
				AE49A90011AE65C90049C993 /* aod.html in Resources */,
			);
			runOnlyForDeploymentPostprocessing = 0;
		};
/* End PBXResourcesBuildPhase section */

/* Begin PBXSourcesBuildPhase section */
		8D11072C0486CEB800E47090 /* Sources */ = {
			isa = PBXSourcesBuildPhase;
			buildActionMask = 2147483647;
			files = (
				8D11072D0486CEB800E47090 /* main.m in Sources */,
				AE6966580EF6ABF200B029FE /* AppController.m in Sources */,
				AE69665B0EF6AC0300B029FE /* MainWindowController.m in Sources */,
				AE6966710EF6AD1800B029FE /* EmpViewController.m in Sources */,
				AEA0B4520EF7F09400137DAA /* PreferencesWindowController.m in Sources */,
				AEC16F210F68334800A38C90 /* DockView.m in Sources */,
				AE71FA270F694D2400577A56 /* MGTwitterEngine.m in Sources */,
				AE71FA280F694D2400577A56 /* MGTwitterHTTPURLConnection.m in Sources */,
				AE71FA2E0F694D2400577A56 /* MGTwitterXMLParser.m in Sources */,
				AE71FA2F0F694D2400577A56 /* MGTwitterStatusesParser.m in Sources */,
				AE71FA300F694D2400577A56 /* MGTwitterUsersParser.m in Sources */,
				AE71FA310F694D2400577A56 /* MGTwitterMessagesParser.m in Sources */,
				AE71FA320F694D2400577A56 /* MGTwitterMiscParser.m in Sources */,
				AE71FA390F694D2400577A56 /* NSString+UUID.m in Sources */,
				AE71FA3A0F694D2400577A56 /* NSData+Base64.m in Sources */,
				AE3FF5440F7A216E006C8B21 /* DRNSString-Utilities.m in Sources */,
				AE49AA2111AEF8C90049C993 /* NSObject+SBJSON.m in Sources */,
				AE49AA2211AEF8C90049C993 /* NSString+SBJSON.m in Sources */,
				AE49AA2311AEF8C90049C993 /* SBJSON.m in Sources */,
				AE49AA2411AEF8C90049C993 /* SBJsonBase.m in Sources */,
				AE49AA2511AEF8C90049C993 /* SBJsonParser.m in Sources */,
				AE49AA2611AEF8C90049C993 /* SBJsonWriter.m in Sources */,
				AE49AA3711AEFA1B0049C993 /* BBCSchedule.m in Sources */,
				AE49AA3A11AEFA320049C993 /* BBCBroadcast.m in Sources */,
				AE49AA3D11AEFA460049C993 /* BBCService.m in Sources */,
				AE49ADC911B14C0E0049C993 /* ISO8601DateFormatter.m in Sources */,
				AE49ADCC11B14C3C0049C993 /* GDataHTTPFetcher.m in Sources */,
			);
			runOnlyForDeploymentPostprocessing = 0;
		};
/* End PBXSourcesBuildPhase section */

/* Begin PBXVariantGroup section */
		089C165CFE840E0CC02AAC07 /* InfoPlist.strings */ = {
			isa = PBXVariantGroup;
			children = (
				089C165DFE840E0CC02AAC07 /* English */,
			);
			name = InfoPlist.strings;
			sourceTree = "<group>";
		};
		1DDD58140DA1D0A300B32029 /* MainMenu.xib */ = {
			isa = PBXVariantGroup;
			children = (
				1DDD58150DA1D0A300B32029 /* English */,
			);
			name = MainMenu.xib;
			sourceTree = "<group>";
		};
/* End PBXVariantGroup section */

/* Begin XCBuildConfiguration section */
		C01FCF4B08A954540054247B /* Debug */ = {
			isa = XCBuildConfiguration;
			buildSettings = {
				ALWAYS_SEARCH_USER_PATHS = NO;
				COPY_PHASE_STRIP = NO;
				FRAMEWORK_SEARCH_PATHS = (
					"$(inherited)",
					"\"$(SRCROOT)\"",
				);
				GCC_DYNAMIC_NO_PIC = NO;
				GCC_ENABLE_FIX_AND_CONTINUE = YES;
				GCC_MODEL_TUNING = G5;
				GCC_OPTIMIZATION_LEVEL = 0;
				GCC_PRECOMPILE_PREFIX_HEADER = YES;
				GCC_PREFIX_HEADER = Radio_Prefix.pch;
				INFOPLIST_FILE = Info.plist;
				INSTALL_PATH = "$(HOME)/Applications";
				PRODUCT_NAME = RadioAunty;
			};
			name = Debug;
		};
		C01FCF4C08A954540054247B /* Release */ = {
			isa = XCBuildConfiguration;
			buildSettings = {
				ALWAYS_SEARCH_USER_PATHS = NO;
				DEBUG_INFORMATION_FORMAT = "dwarf-with-dsym";
				FRAMEWORK_SEARCH_PATHS = (
					"$(inherited)",
					"\"$(SRCROOT)\"",
				);
				GCC_MODEL_TUNING = G5;
				GCC_PRECOMPILE_PREFIX_HEADER = YES;
				GCC_PREFIX_HEADER = Radio_Prefix.pch;
				INFOPLIST_FILE = Info.plist;
				INSTALL_PATH = "$(HOME)/Applications";
				PRODUCT_NAME = RadioAunty;
			};
			name = Release;
		};
		C01FCF4F08A954540054247B /* Debug */ = {
			isa = XCBuildConfiguration;
			buildSettings = {
				ARCHS = "$(ARCHS_STANDARD_32_BIT)";
				GCC_C_LANGUAGE_STANDARD = c99;
				GCC_OPTIMIZATION_LEVEL = 0;
				GCC_WARN_ABOUT_RETURN_TYPE = YES;
				GCC_WARN_UNUSED_VARIABLE = YES;
				ONLY_ACTIVE_ARCH = YES;
				PREBINDING = NO;
				SDKROOT = macosx10.5;
			};
			name = Debug;
		};
		C01FCF5008A954540054247B /* Release */ = {
			isa = XCBuildConfiguration;
			buildSettings = {
				ARCHS = "$(ARCHS_STANDARD_32_BIT)";
				GCC_C_LANGUAGE_STANDARD = c99;
				GCC_WARN_ABOUT_RETURN_TYPE = YES;
				GCC_WARN_UNUSED_VARIABLE = YES;
				PREBINDING = NO;
				SDKROOT = macosx10.5;
			};
			name = Release;
		};
/* End XCBuildConfiguration section */

/* Begin XCConfigurationList section */
		C01FCF4A08A954540054247B /* Build configuration list for PBXNativeTarget "Radio" */ = {
			isa = XCConfigurationList;
			buildConfigurations = (
				C01FCF4B08A954540054247B /* Debug */,
				C01FCF4C08A954540054247B /* Release */,
			);
			defaultConfigurationIsVisible = 0;
			defaultConfigurationName = Release;
		};
		C01FCF4E08A954540054247B /* Build configuration list for PBXProject "Radio" */ = {
			isa = XCConfigurationList;
			buildConfigurations = (
				C01FCF4F08A954540054247B /* Debug */,
				C01FCF5008A954540054247B /* Release */,
			);
			defaultConfigurationIsVisible = 0;
			defaultConfigurationName = Release;
		};
/* End XCConfigurationList section */
	};
	rootObject = 29B97313FDCFA39411CA2CEA /* Project object */;
}
